<?xml version="1.0" encoding="utf-8"?>
<Project ToolsVersion="4.0" xmlns="http://schemas.microsoft.com/developer/msbuild/2003">
  <ItemGroup>
    <ClCompile Include="Main.cpp" />
    <ClCompile Include="ActionTimeSystem.cpp">
      <Filter>ECS\System\Logic\Action</Filter>
    </ClCompile>
    <ClCompile Include="ActionTransitionSystem.cpp">
      <Filter>ECS\System\Logic\Action</Filter>
    </ClCompile>
    <ClCompile Include="ColliderUpdateSystem.cpp">
      <Filter>ECS\System\Logic\Collision</Filter>
    </ClCompile>
    <ClCompile Include="EventSystem.cpp">
      <Filter>ECS\System\Event</Filter>
    </ClCompile>
    <ClCompile Include="Framework.cpp">
      <Filter>Framework</Filter>
    </ClCompile>
    <ClCompile Include="ObjectPoolManager.cpp">
      <Filter>Utility\ObjectPool</Filter>
    </ClCompile>
    <ClCompile Include="OutputEventSystem.cpp">
      <Filter>ECS\System\Event</Filter>
    </ClCompile>
    <ClCompile Include="NetworkHandler.cpp">
      <Filter>Network\Protocol\Event</Filter>
    </ClCompile>
    <ClCompile Include="Network.cpp">
      <Filter>Network</Filter>
    </ClCompile>
    <ClCompile Include="ServerConnectionListener.cpp">
      <Filter>Network</Filter>
    </ClCompile>
    <ClCompile Include="pch.cpp">
      <Filter>Utility</Filter>
    </ClCompile>
    <ClCompile Include="..\..\ProtocolLib\ProtocolLib\Protocols\Protocol.pb.cc">
      <Filter>Network\Protocol\pb.%2a</Filter>
    </ClCompile>
    <ClCompile Include="ActionMoveSystem.cpp">
      <Filter>ECS\System\Logic\Move</Filter>
    </ClCompile>
    <ClCompile Include="LocomotionMoveSystem.cpp">
      <Filter>ECS\System\Logic\Move</Filter>
    </ClCompile>
    <ClCompile Include="MovementApplySystem.cpp">
      <Filter>ECS\System\Logic\Move</Filter>
    </ClCompile>
    <ClCompile Include="AnimationSelectSystem.cpp">
      <Filter>ECS\System\Logic\Animation</Filter>
    </ClCompile>
    <ClCompile Include="AnimationCommitSystem.cpp">
      <Filter>ECS\System\Logic\Animation</Filter>
    </ClCompile>
    <ClCompile Include="AnimationFrameSystem.cpp">
      <Filter>ECS\System\Logic\Animation</Filter>
    </ClCompile>
    <ClCompile Include="AnimationPoseBindSystem.cpp">
      <Filter>ECS\System\Logic\Animation</Filter>
    </ClCompile>
    <ClCompile Include="ColliderActivationSystem.cpp">
      <Filter>ECS\System\Logic\Collision</Filter>
    </ClCompile>
    <ClCompile Include="CombatCollisionCheckSystem.cpp">
      <Filter>ECS\System\Logic\Collision\Combat</Filter>
    </ClCompile>
    <ClCompile Include="CombatCollisionDedupSystem.cpp">
      <Filter>ECS\System\Logic\Collision\Combat</Filter>
    </ClCompile>
    <ClCompile Include="CombatCollisionHandlingSystem.cpp">
      <Filter>ECS\System\Logic\Collision\Combat</Filter>
    </ClCompile>
    <ClCompile Include="ViewProcessingSystem.cpp">
      <Filter>ECS\System\Logic\View</Filter>
    </ClCompile>
    <ClCompile Include="AIThinkSystem.cpp">
      <Filter>ECS\System\Logic\AI</Filter>
    </ClCompile>
    <ClCompile Include="MapCollisionManager.cpp">
      <Filter>Manager</Filter>
    </ClCompile>
    <ClCompile Include="TestWorldImpl.cpp">
      <Filter>Game\World</Filter>
    </ClCompile>
    <ClCompile Include="TestWorldFactory.cpp">
      <Filter>Game\World</Filter>
    </ClCompile>
    <ClCompile Include="Game.cpp">
      <Filter>Game</Filter>
    </ClCompile>
    <ClCompile Include="NetIdMap.cpp">
      <Filter>Network</Filter>
    </ClCompile>
    <ClCompile Include="ActionManager.cpp">
      <Filter>Manager\Action</Filter>
    </ClCompile>
    <ClCompile Include="AnimationManager.cpp">
      <Filter>Manager\Animation</Filter>
    </ClCompile>
    <ClCompile Include="BuffManager.cpp">
      <Filter>Manager\Buff</Filter>
    </ClCompile>
    <ClCompile Include="BuffApplySystem.cpp">
      <Filter>ECS\System\Logic\Buff</Filter>
    </ClCompile>
    <ClCompile Include="DBManager.cpp">
      <Filter>Database</Filter>
    </ClCompile>
    <ClCompile Include="DBData.cpp">
      <Filter>Database</Filter>
    </ClCompile>
    <ClCompile Include="DBConn.cpp">
      <Filter>Database</Filter>
    </ClCompile>
  </ItemGroup>
  <ItemGroup>
    <ClInclude Include="ActionTimeSystem.h">
      <Filter>ECS\System\Logic\Action</Filter>
    </ClInclude>
    <ClInclude Include="ActionTransitionSystem.h">
      <Filter>ECS\System\Logic\Action</Filter>
    </ClInclude>
    <ClInclude Include="ColliderUpdateSystem.h">
      <Filter>ECS\System\Logic\Collision</Filter>
    </ClInclude>
    <ClInclude Include="EventSystem.h">
      <Filter>ECS\System\Event</Filter>
    </ClInclude>
    <ClInclude Include="Framework.h">
      <Filter>Framework</Filter>
    </ClInclude>
    <ClInclude Include="ObjectPool.hpp">
      <Filter>Utility\ObjectPool</Filter>
    </ClInclude>
    <ClInclude Include="ObjectPoolManager.h">
      <Filter>Utility\ObjectPool</Filter>
    </ClInclude>
    <ClInclude Include="OutputEventSystem.h">
      <Filter>ECS\System\Event</Filter>
    </ClInclude>
    <ClInclude Include="Constants.h">
      <Filter>Utility</Filter>
    </ClInclude>
    <ClInclude Include="NetworkHandler.h">
      <Filter>Network\Protocol\Event</Filter>
    </ClInclude>
    <ClInclude Include="Network.h">
      <Filter>Network</Filter>
    </ClInclude>
    <ClInclude Include="ServerConnectionListener.h">
      <Filter>Network</Filter>
    </ClInclude>
    <ClInclude Include="pch.h">
      <Filter>Utility</Filter>
    </ClInclude>
    <ClInclude Include="..\..\ProtocolLib\ProtocolLib\Protocols\Protocol.pb.h">
      <Filter>Network\Protocol\pb.%2a</Filter>
    </ClInclude>
    <ClInclude Include="ActionMoveSystem.h">
      <Filter>ECS\System\Logic\Move</Filter>
    </ClInclude>
    <ClInclude Include="LocomotionMoveSystem.h">
      <Filter>ECS\System\Logic\Move</Filter>
    </ClInclude>
    <ClInclude Include="MovementApplySystem.h">
      <Filter>ECS\System\Logic\Move</Filter>
    </ClInclude>
    <ClInclude Include="AnimationSelectSystem.h">
      <Filter>ECS\System\Logic\Animation</Filter>
    </ClInclude>
    <ClInclude Include="AnimationCommitSystem.h">
      <Filter>ECS\System\Logic\Animation</Filter>
    </ClInclude>
    <ClInclude Include="AnimationFrameSystem.h">
      <Filter>ECS\System\Logic\Animation</Filter>
    </ClInclude>
    <ClInclude Include="AnimationPoseBindSystem.h">
      <Filter>ECS\System\Logic\Animation</Filter>
    </ClInclude>
    <ClInclude Include="ColliderActivationSystem.h">
      <Filter>ECS\System\Logic\Collision</Filter>
    </ClInclude>
    <ClInclude Include="CombatCollisionCheckSystem.h">
      <Filter>ECS\System\Logic\Collision\Combat</Filter>
    </ClInclude>
    <ClInclude Include="CombatCollisionDedupSystem.h">
      <Filter>ECS\System\Logic\Collision\Combat</Filter>
    </ClInclude>
    <ClInclude Include="CombatCollisionHandlingSystem.h">
      <Filter>ECS\System\Logic\Collision\Combat</Filter>
    </ClInclude>
    <ClInclude Include="ViewProcessingSystem.h">
      <Filter>ECS\System\Logic\View</Filter>
    </ClInclude>
    <ClInclude Include="AIThinkSystem.h">
      <Filter>ECS\System\Logic\AI</Filter>
    </ClInclude>
    <ClInclude Include="MapCollisionManager.h">
      <Filter>Manager</Filter>
    </ClInclude>
    <ClInclude Include="TestWorldImpl.h">
      <Filter>Game\World</Filter>
    </ClInclude>
    <ClInclude Include="TestWorldFactory.h">
      <Filter>Game\World</Filter>
    </ClInclude>
    <ClInclude Include="Game.h">
      <Filter>Game</Filter>
    </ClInclude>
    <ClInclude Include="NetIdMap.h">
      <Filter>Network</Filter>
    </ClInclude>
    <ClInclude Include="Event.h">
      <Filter>Utility</Filter>
    </ClInclude>
    <ClInclude Include="Transform.h">
      <Filter>ECS\Component</Filter>
    </ClInclude>
    <ClInclude Include="Movement.h">
      <Filter>ECS\Component</Filter>
    </ClInclude>
    <ClInclude Include="AI.h">
      <Filter>ECS\Component</Filter>
    </ClInclude>
    <ClInclude Include="Action.h">
      <Filter>ECS\Component</Filter>
    </ClInclude>
    <ClInclude Include="ActionManager.h">
      <Filter>Manager\Action</Filter>
    </ClInclude>
    <ClInclude Include="ActionData.h">
      <Filter>Manager\Action</Filter>
    </ClInclude>
    <ClInclude Include="Animation.h">
      <Filter>ECS\Component</Filter>
    </ClInclude>
    <ClInclude Include="AnimationManager.h">
      <Filter>Manager\Animation</Filter>
    </ClInclude>
    <ClInclude Include="AnimationData.h">
      <Filter>Manager\Animation</Filter>
    </ClInclude>
    <ClInclude Include="Bufs.h">
      <Filter>ECS\Component</Filter>
    </ClInclude>
    <ClInclude Include="Visibility.h">
      <Filter>ECS\Component</Filter>
    </ClInclude>
    <ClInclude Include="Stats.h">
      <Filter>ECS\Component</Filter>
    </ClInclude>
    <ClInclude Include="Tags.h">
      <Filter>ECS\Component</Filter>
    </ClInclude>
    <ClInclude Include="Collider.h">
      <Filter>ECS\Component</Filter>
    </ClInclude>
    <ClInclude Include="Intent.h">
      <Filter>ECS\Component</Filter>
    </ClInclude>
    <ClInclude Include="json.hpp">
      <Filter>Utility\Dependency</Filter>
    </ClInclude>
    <ClInclude Include="stb_image.h">
      <Filter>Utility\Dependency</Filter>
    </ClInclude>
    <ClInclude Include="NetHelper.h">
      <Filter>Utility\Helper</Filter>
    </ClInclude>
    <ClInclude Include="Math.h">
      <Filter>Utility\Helper</Filter>
    </ClInclude>
    <ClInclude Include="Collision.h">
      <Filter>Utility\Helper</Filter>
    </ClInclude>
    <ClInclude Include="BuffData.h">
      <Filter>Manager\Buff</Filter>
    </ClInclude>
    <ClInclude Include="BuffManager.h">
      <Filter>Manager\Buff</Filter>
    </ClInclude>
    <ClInclude Include="BuffApplySystem.h">
      <Filter>ECS\System\Logic\Buff</Filter>
    </ClInclude>
    <ClInclude Include="DBManager.h">
      <Filter>Database</Filter>
    </ClInclude>
    <ClInclude Include="DBData.h">
      <Filter>Database</Filter>
    </ClInclude>
    <ClInclude Include="DBConn.h">
      <Filter>Database</Filter>
    </ClInclude>
  </ItemGroup>
  <ItemGroup>
    <Filter Include="ECS">
      <UniqueIdentifier>{da4fe999-a4f2-48eb-9f3a-63e787bb3a99}</UniqueIdentifier>
    </Filter>
    <Filter Include="ECS\Component">
      <UniqueIdentifier>{f04ffe61-2a37-4820-a97d-98b07a2a6d8a}</UniqueIdentifier>
    </Filter>
    <Filter Include="ECS\System">
      <UniqueIdentifier>{b2e11ff7-5e39-4797-a38d-c464d9aeb598}</UniqueIdentifier>
    </Filter>
    <Filter Include="ECS\System\Event">
      <UniqueIdentifier>{f748aeaf-bee1-4b5d-93bc-0ef299c904d1}</UniqueIdentifier>
    </Filter>
    <Filter Include="ECS\System\Logic">
      <UniqueIdentifier>{53b80595-2629-4d91-b19f-d67f09f95439}</UniqueIdentifier>
    </Filter>
    <Filter Include="ECS\System\Logic\Action">
      <UniqueIdentifier>{e560fd78-3148-4543-aa20-2d9209979bb6}</UniqueIdentifier>
    </Filter>
    <Filter Include="ECS\System\Logic\Animation">
      <UniqueIdentifier>{61eabb6d-5270-49db-b513-016384a93d09}</UniqueIdentifier>
    </Filter>
    <Filter Include="Manager">
      <UniqueIdentifier>{d4e1d3ec-5d83-45bd-8a04-4c456fca7990}</UniqueIdentifier>
    </Filter>
    <Filter Include="ECS\System\Logic\Collision">
      <UniqueIdentifier>{5c4f420a-5cdf-4a56-89f0-b436e2e9c4d9}</UniqueIdentifier>
    </Filter>
    <Filter Include="Framework">
      <UniqueIdentifier>{b8d013d8-4872-4c57-8c7e-a4fbfe8a4bfb}</UniqueIdentifier>
    </Filter>
    <Filter Include="Game">
      <UniqueIdentifier>{610ff08a-fbf9-47a9-9968-ed7d38b2d4e1}</UniqueIdentifier>
    </Filter>
    <Filter Include="Utility">
      <UniqueIdentifier>{1545b1de-3dfc-433b-a4c6-491fa015a966}</UniqueIdentifier>
    </Filter>
    <Filter Include="Utility\ObjectPool">
      <UniqueIdentifier>{3e0ee908-b3d3-4e42-b75d-40f65bd9e33c}</UniqueIdentifier>
    </Filter>
    <Filter Include="Network">
      <UniqueIdentifier>{bedaecbc-eb80-482e-8572-f7b890b448fb}</UniqueIdentifier>
    </Filter>
    <Filter Include="Network\Protocol">
      <UniqueIdentifier>{78581224-a1e5-4384-a9ce-7b4fcf1f3138}</UniqueIdentifier>
    </Filter>
    <Filter Include="Network\Protocol\pb.%2a">
      <UniqueIdentifier>{e52e4be1-914a-4013-a884-38fb5e18bc64}</UniqueIdentifier>
    </Filter>
    <Filter Include="Network\Protocol\Event">
      <UniqueIdentifier>{df32984b-2291-4010-99a8-cdefc1d7d826}</UniqueIdentifier>
    </Filter>
    <Filter Include="ECS\System\Logic\Move">
      <UniqueIdentifier>{7d221b54-761f-48a6-8fdc-869029a9e9b1}</UniqueIdentifier>
    </Filter>
    <Filter Include="ECS\System\Logic\Collision\Combat">
      <UniqueIdentifier>{f0348ca0-1cf0-416e-8369-d57780c2396f}</UniqueIdentifier>
    </Filter>
    <Filter Include="ECS\System\Logic\View">
      <UniqueIdentifier>{f6782456-f514-4ebb-a32f-7c803e8180fd}</UniqueIdentifier>
    </Filter>
    <Filter Include="ECS\System\Logic\AI">
      <UniqueIdentifier>{44555b47-8095-4a1f-8a1a-98f11988c98c}</UniqueIdentifier>
    </Filter>
    <Filter Include="Game\World">
      <UniqueIdentifier>{79fd08d1-3e39-412f-9d86-eec9a69015bd}</UniqueIdentifier>
    </Filter>
    <Filter Include="Manager\Action">
      <UniqueIdentifier>{1d4d7527-e7e6-4e8b-8114-5e089d70c7e7}</UniqueIdentifier>
    </Filter>
    <Filter Include="Manager\Animation">
      <UniqueIdentifier>{db083fa2-28c7-4839-9e9a-d52d54201c4c}</UniqueIdentifier>
    </Filter>
    <Filter Include="Utility\Dependency">
      <UniqueIdentifier>{9ff9b2d7-ea9b-4f87-81b5-f82f9aaa1afd}</UniqueIdentifier>
    </Filter>
    <Filter Include="Utility\Helper">
      <UniqueIdentifier>{ac6e6e7d-0ccf-4904-97b6-35acba654e95}</UniqueIdentifier>
    </Filter>
    <Filter Include="Manager\Buff">
      <UniqueIdentifier>{35a1ad55-db0b-41f1-bdee-8748600e6908}</UniqueIdentifier>
    </Filter>
    <Filter Include="ECS\System\Logic\Buff">
      <UniqueIdentifier>{d7ba8e47-853f-48d2-895d-4b6e86100b19}</UniqueIdentifier>
    </Filter>
    <Filter Include="Database">
      <UniqueIdentifier>{1e0d516a-c4f7-4552-8f88-552e04029cdc}</UniqueIdentifier>
    </Filter>
  </ItemGroup>
</Project>