<?xml version="1.0" encoding="utf-8"?>
<Project ToolsVersion="4.0" xmlns="http://schemas.microsoft.com/developer/msbuild/2003">
  <ItemGroup>
    <ClCompile Include="Main.cpp" />
    <ClCompile Include="AbilityDef.cpp">
      <Filter>Data\Definition</Filter>
    </ClCompile>
    <ClCompile Include="AbilitySetDef.cpp">
      <Filter>Data\Definition</Filter>
    </ClCompile>
    <ClCompile Include="AIBehaviorDef.cpp">
      <Filter>Data\Definition</Filter>
    </ClCompile>
    <ClCompile Include="AnimationJsonLoader.cpp">
      <Filter>Data\Loader</Filter>
    </ClCompile>
    <ClCompile Include="AttributeDef.cpp">
      <Filter>Data\Definition</Filter>
    </ClCompile>
    <ClCompile Include="PacketHandlerContext.cpp">
      <Filter>SessionSystem\Packets</Filter>
    </ClCompile>
    <ClCompile Include="PacketHandlers.cpp">
      <Filter>SessionSystem\Packets</Filter>
    </ClCompile>
    <ClCompile Include="SessionFlowContext.cpp">
      <Filter>SessionSystem\Flow</Filter>
    </ClCompile>
    <ClCompile Include="SessionFlowController.cpp">
      <Filter>SessionSystem\Flow</Filter>
    </ClCompile>
    <ClCompile Include="SessionFlowTransitionTable.cpp">
      <Filter>SessionSystem\Flow</Filter>
    </ClCompile>
    <ClCompile Include="SessionState.cpp">
      <Filter>SessionSystem\Flow</Filter>
    </ClCompile>
    <ClCompile Include="ServerApp.cpp">
      <Filter>App</Filter>
    </ClCompile>
    <ClCompile Include="NetworkRuntime.cpp">
      <Filter>Network</Filter>
    </ClCompile>
    <ClCompile Include="NetworkTimingService.cpp">
      <Filter>Network</Filter>
    </ClCompile>
    <ClCompile Include="DemoPartyFormationPolicy.cpp">
      <Filter>SessionSystem\Party</Filter>
    </ClCompile>
    <ClCompile Include="PartyCommandPump.cpp">
      <Filter>SessionSystem\Party</Filter>
    </ClCompile>
    <ClCompile Include="PartyCommandQueue.cpp">
      <Filter>SessionSystem\Party</Filter>
    </ClCompile>
    <ClCompile Include="PartyService.cpp">
      <Filter>SessionSystem\Party</Filter>
    </ClCompile>
    <ClCompile Include="PartySystem_SmokeTest.cpp">
      <Filter>SessionSystem\Party</Filter>
    </ClCompile>
    <ClCompile Include="Session.cpp">
      <Filter>Network</Filter>
    </ClCompile>
    <ClCompile Include="SessionManager.cpp">
      <Filter>Network</Filter>
    </ClCompile>
    <ClCompile Include="pch.cpp">
      <Filter>Utility</Filter>
    </ClCompile>
    <ClCompile Include="..\..\ProtocolLib\ProtocolLib\Protocols\DTO.pb.cc">
      <Filter>Network\Protocol\pb.%2a</Filter>
    </ClCompile>
    <ClCompile Include="..\..\ProtocolLib\ProtocolLib\Protocols\Protocol.pb.cc">
      <Filter>Network\Protocol\pb.%2a</Filter>
    </ClCompile>
    <ClCompile Include="DBData.cpp">
      <Filter>Database</Filter>
    </ClCompile>
    <ClCompile Include="DBConn.cpp">
      <Filter>Database</Filter>
    </ClCompile>
    <ClCompile Include="ODBCDatabaseBackend.cpp">
      <Filter>Database</Filter>
    </ClCompile>
    <ClCompile Include="CharacterIdPolicy.cpp">
      <Filter>Data\Definition</Filter>
    </ClCompile>
    <ClCompile Include="CharacterDataService.cpp">
      <Filter>SessionSystem\Entry</Filter>
    </ClCompile>
    <ClCompile Include="CharacterDef.cpp">
      <Filter>Data\Definition</Filter>
    </ClCompile>
    <ClCompile Include="CombatAreaProjectileDef.cpp">
      <Filter>Data\Definition</Filter>
    </ClCompile>
    <ClCompile Include="CharacterSpawnService.cpp">
      <Filter>SessionSystem\Entry</Filter>
    </ClCompile>
    <ClCompile Include="DefCompilePipeline.cpp">
      <Filter>Data\Loader</Filter>
    </ClCompile>
    <ClCompile Include="DefEnumString.cpp">
      <Filter>Data\Loader</Filter>
    </ClCompile>
    <ClCompile Include="DefJsonFileLoader.cpp">
      <Filter>Data\Loader</Filter>
    </ClCompile>
    <ClCompile Include="GameplayDefValidator.cpp">
      <Filter>Data\Definition</Filter>
    </ClCompile>
    <ClCompile Include="GameplayContentValidation.cpp">
      <Filter>Data\Definition</Filter>
    </ClCompile>
    <ClCompile Include="GameplayContentCatalog.cpp">
      <Filter>Data\Catalog</Filter>
    </ClCompile>
    <ClCompile Include="GameplayEffectDef.cpp">
      <Filter>Data\Definition</Filter>
    </ClCompile>
    <ClCompile Include="GameplayTagDef.cpp">
      <Filter>Data\Definition</Filter>
    </ClCompile>
    <ClCompile Include="SpawnSetDef.cpp">
      <Filter>Data\Definition</Filter>
    </ClCompile>
    <ClCompile Include="PlayerCharacterTransferSerializer.cpp">
      <Filter>GameWorlds\Transfer</Filter>
    </ClCompile>
    <ClCompile Include="PlayerCommand.cpp">
      <Filter>GameWorlds</Filter>
    </ClCompile>
    <ClCompile Include="ServerWorldBootstrap.cpp">
      <Filter>GameWorlds\Bootstrap</Filter>
    </ClCompile>
    <ClCompile Include="ServerSessionSystem.cpp">
      <Filter>SessionSystem</Filter>
    </ClCompile>
    <ClCompile Include="FrameworkRuntime.cpp">
      <Filter>Framework</Filter>
    </ClCompile>
    <ClCompile Include="AnimationRegistry.cpp">
      <Filter>Data\Registry</Filter>
    </ClCompile>
    <ClCompile Include="ECS\System\GameplaySystemRegistration.cpp">
      <Filter>ECS\System</Filter>
    </ClCompile>
    <ClCompile Include="ECS\System\AbilityProfileService.cpp">
      <Filter>ECS\System</Filter>
    </ClCompile>
    <ClCompile Include="ECS\System\Phase1\ApplyPlayerCommandSystem.cpp">
      <Filter>ECS\System\Phase1</Filter>
    </ClCompile>
    <ClCompile Include="ECS\System\Phase2\ResolveAbilityStateSystem.cpp">
      <Filter>ECS\System\Phase2</Filter>
    </ClCompile>
    <ClCompile Include="ECS\System\Phase2\AdvanceAbilityTimelineSystem.cpp">
      <Filter>ECS\System\Phase2</Filter>
    </ClCompile>
    <ClCompile Include="ECS\System\Phase2\ResolveLocomotionStateSystem.cpp">
      <Filter>ECS\System\Phase2</Filter>
    </ClCompile>
    <ClCompile Include="ECS\System\Phase3\FitSkeletalCombatColliderSystem.cpp">
      <Filter>ECS\System\Phase3</Filter>
    </ClCompile>
    <ClCompile Include="ECS\System\Phase3\ResolveAnimationPlaybackSystem.cpp">
      <Filter>ECS\System\Phase3</Filter>
    </ClCompile>
    <ClCompile Include="ECS\System\Phase3\SampleAnimationPoseSystem.cpp">
      <Filter>ECS\System\Phase3</Filter>
    </ClCompile>
    <ClCompile Include="ECS\System\Phase4\ApplyMovementDeltaSystem.cpp">
      <Filter>ECS\System\Phase4</Filter>
    </ClCompile>
    <ClCompile Include="ECS\System\Phase4\ComputeAbilityMoveDeltaSystem.cpp">
      <Filter>ECS\System\Phase4</Filter>
    </ClCompile>
    <ClCompile Include="ECS\System\Phase4\ComputeLocomotionMoveDeltaSystem.cpp">
      <Filter>ECS\System\Phase4</Filter>
    </ClCompile>
    <ClCompile Include="ECS\System\Phase5\ResolveCharacterOverlapSystem.cpp">
      <Filter>ECS\System\Phase5</Filter>
    </ClCompile>
    <ClCompile Include="ECS\System\Phase5\ResolveNavMeshBodyConstraintSystem.cpp">
      <Filter>ECS\System\Phase5</Filter>
    </ClCompile>
    <ClCompile Include="ECS\System\Phase6\MarkTransferPendingSystem.cpp">
      <Filter>ECS\System\Phase6</Filter>
    </ClCompile>
    <ClCompile Include="ECS\System\Phase6\AdvanceProjectileSystem.cpp">
      <Filter>ECS\System\Phase6</Filter>
    </ClCompile>
    <ClCompile Include="ECS\System\Phase6\MaterializeAbilityGameplayEventSystem.cpp">
      <Filter>ECS\System\Phase6</Filter>
    </ClCompile>
    <ClCompile Include="ECS\System\Phase6\ResolvePortalTriggerSystem.cpp">
      <Filter>ECS\System\Phase6</Filter>
    </ClCompile>
    <ClCompile Include="ECS\System\Phase6\SpawnAreaVolumeSystem.cpp">
      <Filter>ECS\System\Phase6</Filter>
    </ClCompile>
    <ClCompile Include="ECS\System\Phase6\SpawnProjectileSystem.cpp">
      <Filter>ECS\System\Phase6</Filter>
    </ClCompile>
    <ClCompile Include="ECS\System\Phase7\ResolveAreaHitSystem.cpp">
      <Filter>ECS\System\Phase7</Filter>
    </ClCompile>
    <ClCompile Include="ECS\System\Phase7\ResolveCombatColliderActivationSystem.cpp">
      <Filter>ECS\System\Phase7</Filter>
    </ClCompile>
    <ClCompile Include="ECS\System\Phase7\ResolveCombatHitSystem.cpp">
      <Filter>ECS\System\Phase7</Filter>
    </ClCompile>
    <ClCompile Include="ECS\System\Phase7\ResolveProjectileHitSystem.cpp">
      <Filter>ECS\System\Phase7</Filter>
    </ClCompile>
    <ClCompile Include="ECS\System\Phase8\CommitAbilityTimelineEventSystem.cpp">
      <Filter>ECS\System\Phase8</Filter>
    </ClCompile>
    <ClCompile Include="ECS\System\Phase8\CommitCombatResultSystem.cpp">
      <Filter>ECS\System\Phase8</Filter>
    </ClCompile>
    <ClCompile Include="ECS\System\Phase8\FinalizePostCommitStateSystem.cpp">
      <Filter>ECS\System\Phase8</Filter>
    </ClCompile>
    <ClCompile Include="ECS\System\Phase8\RecoverStaminaSystem.cpp">
      <Filter>ECS\System\Phase8</Filter>
    </ClCompile>
    <ClCompile Include="ECS\System\Phase8\ResolveGameplayEffectStateSystem.cpp">
      <Filter>ECS\System\Phase8</Filter>
    </ClCompile>
    <ClCompile Include="ECS\System\Phase8\ResolveDeathAndDespawnSystem.cpp">
      <Filter>ECS\System\Phase8</Filter>
    </ClCompile>
    <ClCompile Include="ECS\System\Phase9\CollectReplicationTodoSourceSystem.cpp">
      <Filter>ECS\System\Phase9</Filter>
    </ClCompile>
    <ClCompile Include="ECS\System\Phase0_AI\AIDecisionSystem.cpp">
      <Filter>ECS\System\Phase0</Filter>
    </ClCompile>
    <ClCompile Include="ECS\System\Phase0_AI\AIPerceptionSystem.cpp">
      <Filter>ECS\System\Phase0</Filter>
    </ClCompile>
    <ClCompile Include="ECS\System\Phase1\ApplyAICommandSystem.cpp">
      <Filter>ECS\System\Phase1</Filter>
    </ClCompile>
    <ClCompile Include="AIChaseState.cpp">
      <Filter>FSM\State</Filter>
    </ClCompile>
    <ClCompile Include="AICombatState.cpp">
      <Filter>FSM\State</Filter>
    </ClCompile>
    <ClCompile Include="AIIdleState.cpp">
      <Filter>FSM\State</Filter>
    </ClCompile>
    <ClCompile Include="AIReactState.cpp">
      <Filter>FSM\State</Filter>
    </ClCompile>
    <ClCompile Include="AIReturnHomeState.cpp">
      <Filter>FSM\State</Filter>
    </ClCompile>
    <ClCompile Include="AISearchState.cpp">
      <Filter>FSM\State</Filter>
    </ClCompile>
    <ClCompile Include="AIFSMRegistry.cpp">
      <Filter>FSM\Core</Filter>
    </ClCompile>
    <ClCompile Include="Aspect\AIControlAspect.cpp">
      <Filter>Aspect</Filter>
    </ClCompile>
    <ClCompile Include="Aspect\BaseCombatantAspect.cpp">
      <Filter>Aspect</Filter>
    </ClCompile>
    <ClCompile Include="Aspect\BossPhaseAspect.cpp">
      <Filter>Aspect</Filter>
    </ClCompile>
    <ClCompile Include="Aspect\CharacterAspectRegistry.cpp">
      <Filter>Aspect</Filter>
    </ClCompile>
    <ClCompile Include="Aspect\CombatHitAspect.cpp">
      <Filter>Aspect</Filter>
    </ClCompile>
    <ClCompile Include="Aspect\IdentityAspect.cpp">
      <Filter>Aspect</Filter>
    </ClCompile>
    <ClCompile Include="Aspect\LocomotionPhysicsAspect.cpp">
      <Filter>Aspect</Filter>
    </ClCompile>
    <ClCompile Include="Aspect\PlayerControlAspect.cpp">
      <Filter>Aspect</Filter>
    </ClCompile>
    <ClCompile Include="Aspect\PortalAspect.cpp">
      <Filter>Aspect</Filter>
    </ClCompile>
    <ClCompile Include="Aspect\ReplicationAspect.cpp">
      <Filter>Aspect</Filter>
    </ClCompile>
    <ClCompile Include="ServerPacketStager.cpp">
      <Filter>SessionSystem\Packets</Filter>
    </ClCompile>
    <ClCompile Include="ServerPathResolver.cpp">
      <Filter>Utility\Helpers</Filter>
    </ClCompile>
    <ClCompile Include="ServerPlayerControlBinding.cpp">
      <Filter>GameWorlds</Filter>
    </ClCompile>
    <ClCompile Include="ServerReplicationSnapshot.cpp">
      <Filter>SessionSystem\Replication</Filter>
    </ClCompile>
    <ClCompile Include="ServerDirtyReplicationService.cpp">
      <Filter>SessionSystem\Replication</Filter>
    </ClCompile>
    <ClCompile Include="ServerFrameEventDispatcher.cpp">
      <Filter>GameWorlds</Filter>
    </ClCompile>
    <ClCompile Include="ServerWorldTransferCommitter.cpp">
      <Filter>GameWorlds\Transfer</Filter>
    </ClCompile>
    <ClCompile Include="ServerWorldTransferBinding.cpp">
      <Filter>GameWorlds\Transfer</Filter>
    </ClCompile>
    <ClCompile Include="FrameworkFrameEventHarvester.cpp">
      <Filter>Framework</Filter>
    </ClCompile>
    <ClCompile Include="AICombatActionPolicyUtil.cpp">
      <Filter>FSM\Core</Filter>
    </ClCompile>
    <ClCompile Include="AIMovementPolicyUtil.cpp">
      <Filter>FSM\Core</Filter>
    </ClCompile>
    <ClCompile Include="DataDrivenAICombatActionPolicy.cpp">
      <Filter>FSM\Policy</Filter>
    </ClCompile>
    <ClCompile Include="DataDrivenAIMovementPolicy.cpp">
      <Filter>FSM\Policy</Filter>
    </ClCompile>
    <ClCompile Include="DataDrivenAIReactionPolicy.cpp">
      <Filter>FSM\Policy</Filter>
    </ClCompile>
    <ClCompile Include="DataDrivenAISpecialActionPolicy.cpp">
      <Filter>FSM\Policy</Filter>
    </ClCompile>
    <ClCompile Include="DataDrivenAIIdleActionPolicy.cpp">
      <Filter>FSM\Policy</Filter>
    </ClCompile>
    <ClCompile Include="LoginAuth.cpp">
      <Filter>Database\Query</Filter>
    </ClCompile>
    <ClCompile Include="RegisterAccount.cpp">
      <Filter>Database\Query</Filter>
    </ClCompile>
  </ItemGroup>
  <ItemGroup>
    <ClInclude Include="ServerApp.h">
      <Filter>App</Filter>
    </ClInclude>
    <ClInclude Include="NetworkRuntime.h">
      <Filter>Network</Filter>
    </ClInclude>
    <ClInclude Include="NetworkTimingService.h">
      <Filter>Network</Filter>
    </ClInclude>
    <ClInclude Include="DemoPartyFormationPolicy.h">
      <Filter>SessionSystem\Party</Filter>
    </ClInclude>
    <ClInclude Include="PartyCommandPump.h">
      <Filter>SessionSystem\Party</Filter>
    </ClInclude>
    <ClInclude Include="PartyCommandQueue.h">
      <Filter>SessionSystem\Party</Filter>
    </ClInclude>
    <ClInclude Include="PartyService.h">
      <Filter>SessionSystem\Party</Filter>
    </ClInclude>
    <ClInclude Include="PartyTypes.h">
      <Filter>SessionSystem\Party</Filter>
    </ClInclude>
    <ClInclude Include="PacketHandlerContext.h">
      <Filter>SessionSystem\Packets</Filter>
    </ClInclude>
    <ClInclude Include="PacketHandlers.h">
      <Filter>SessionSystem\Packets</Filter>
    </ClInclude>
    <ClInclude Include="SessionFlowCommands.h">
      <Filter>SessionSystem\Flow</Filter>
    </ClInclude>
    <ClInclude Include="SessionFlowContext.h">
      <Filter>SessionSystem\Flow</Filter>
    </ClInclude>
    <ClInclude Include="SessionFlowController.h">
      <Filter>SessionSystem\Flow</Filter>
    </ClInclude>
    <ClInclude Include="SessionFlowResults.h">
      <Filter>SessionSystem\Flow</Filter>
    </ClInclude>
    <ClInclude Include="SessionFlowTransitionTable.h">
      <Filter>SessionSystem\Flow</Filter>
    </ClInclude>
    <ClInclude Include="SessionFlowTypes.h">
      <Filter>SessionSystem\Flow</Filter>
    </ClInclude>
    <ClInclude Include="SessionState.h">
      <Filter>SessionSystem\Flow</Filter>
    </ClInclude>
    <ClInclude Include="PlayerCharacterTransferSerializer.h">
      <Filter>GameWorlds\Transfer</Filter>
    </ClInclude>
    <ClInclude Include="PlayerCommand.h">
      <Filter>GameWorlds</Filter>
    </ClInclude>
    <ClInclude Include="Session.h">
      <Filter>Network</Filter>
    </ClInclude>
    <ClInclude Include="SessionManager.h">
      <Filter>Network</Filter>
    </ClInclude>
    <ClInclude Include="pch.h">
      <Filter>Utility</Filter>
    </ClInclude>
    <ClInclude Include="..\..\ProtocolLib\ProtocolLib\Protocols\DTO.pb.h">
      <Filter>Network\Protocol\pb.%2a</Filter>
    </ClInclude>
    <ClInclude Include="..\..\ProtocolLib\ProtocolLib\Protocols\Protocol.pb.h">
      <Filter>Network\Protocol\pb.%2a</Filter>
    </ClInclude>
    <ClInclude Include="CharacterDataService.h">
      <Filter>SessionSystem\Entry</Filter>
    </ClInclude>
    <ClInclude Include="CharacterSpawnService.h">
      <Filter>SessionSystem\Entry</Filter>
    </ClInclude>
    <ClInclude Include="json.hpp">
      <Filter>Utility\Dependency</Filter>
    </ClInclude>
    <ClInclude Include="stb_image.h">
      <Filter>Utility\Dependency</Filter>
    </ClInclude>
    <ClInclude Include="DBData.h">
      <Filter>Database</Filter>
    </ClInclude>
    <ClInclude Include="DBConn.h">
      <Filter>Database</Filter>
    </ClInclude>
    <ClInclude Include="ODBCDatabaseBackend.h">
      <Filter>Database</Filter>
    </ClInclude>
    <ClInclude Include="CharacterDef.h">
      <Filter>Data\Definition</Filter>
    </ClInclude>
    <ClInclude Include="CombatAreaProjectileDef.h">
      <Filter>Data\Definition</Filter>
    </ClInclude>
    <ClInclude Include="CharacterIdPolicy.h">
      <Filter>Data\Definition</Filter>
    </ClInclude>
    <ClInclude Include="AnimationDef.h">
      <Filter>Data\Definition</Filter>
    </ClInclude>
    <ClInclude Include="AnimationJsonLoader.h">
      <Filter>Data\Loader</Filter>
    </ClInclude>
    <ClInclude Include="BodyCollisionTypes.h">
      <Filter>Data\Definition</Filter>
    </ClInclude>
    <ClInclude Include="AttributeDef.h">
      <Filter>Data\Definition</Filter>
    </ClInclude>
    <ClInclude Include="SpawnSetDef.h">
      <Filter>Data\Definition</Filter>
    </ClInclude>
    <ClInclude Include="AbilityDef.h">
      <Filter>Data\Definition</Filter>
    </ClInclude>
    <ClInclude Include="AbilitySetDef.h">
      <Filter>Data\Definition</Filter>
    </ClInclude>
    <ClInclude Include="AIBehaviorDef.h">
      <Filter>Data\Definition</Filter>
    </ClInclude>
    <ClInclude Include="ServerWorldBootstrap.h">
      <Filter>GameWorlds\Bootstrap</Filter>
    </ClInclude>
    <ClInclude Include="ServerSessionSystem.h">
      <Filter>SessionSystem</Filter>
    </ClInclude>
    <ClInclude Include="DefFileFormat.h">
      <Filter>Data\Loader</Filter>
    </ClInclude>
    <ClInclude Include="DefHash.h">
      <Filter>Data\Loader</Filter>
    </ClInclude>
    <ClInclude Include="DefCompilePipeline.h">
      <Filter>Data\Loader</Filter>
    </ClInclude>
    <ClInclude Include="DefKeyIndex.h">
      <Filter>Data\Loader</Filter>
    </ClInclude>
    <ClInclude Include="DefEnumString.h">
      <Filter>Data\Loader</Filter>
    </ClInclude>
    <ClInclude Include="DefJsonFileLoader.h">
      <Filter>Data\Loader</Filter>
    </ClInclude>
    <ClInclude Include="DefJsonReader.h">
      <Filter>Data\Loader</Filter>
    </ClInclude>
    <ClInclude Include="DefLoadResult.h">
      <Filter>Data\Loader</Filter>
    </ClInclude>
    <ClInclude Include="GameplayDefValidator.h">
      <Filter>Data\Definition</Filter>
    </ClInclude>
    <ClInclude Include="GameplayEffectDef.h">
      <Filter>Data\Definition</Filter>
    </ClInclude>
    <ClInclude Include="GameplayTagDef.h">
      <Filter>Data\Definition</Filter>
    </ClInclude>
    <ClInclude Include="GameplayContentIds.h">
      <Filter>Data</Filter>
    </ClInclude>
    <ClInclude Include="GameplayContentCatalog.h">
      <Filter>Data\Catalog</Filter>
    </ClInclude>
    <ClInclude Include="AnimationRegistry.h">
      <Filter>Data\Registry</Filter>
    </ClInclude>
    <ClInclude Include="DefRegistry.h">
      <Filter>Data\Registry</Filter>
    </ClInclude>
    <ClInclude Include="ECS\System\GameplaySystemRegistration.h">
      <Filter>ECS\System</Filter>
    </ClInclude>
    <ClInclude Include="ECS\System\AbilityProfileService.h">
      <Filter>ECS\System</Filter>
    </ClInclude>
    <ClInclude Include="ECS\System\GameplaySystemUtil.h">
      <Filter>ECS\System</Filter>
    </ClInclude>
    <ClInclude Include="ECS\System\Phase1\ApplyPlayerCommandSystem.h">
      <Filter>ECS\System\Phase1</Filter>
    </ClInclude>
    <ClInclude Include="ECS\System\Phase2\ResolveAbilityStateSystem.h">
      <Filter>ECS\System\Phase2</Filter>
    </ClInclude>
    <ClInclude Include="ECS\System\Phase2\AdvanceAbilityTimelineSystem.h">
      <Filter>ECS\System\Phase2</Filter>
    </ClInclude>
    <ClInclude Include="ECS\System\Phase2\ResolveLocomotionStateSystem.h">
      <Filter>ECS\System\Phase2</Filter>
    </ClInclude>
    <ClInclude Include="ECS\System\Phase3\FitSkeletalCombatColliderSystem.h">
      <Filter>ECS\System\Phase3</Filter>
    </ClInclude>
    <ClInclude Include="ECS\System\Phase3\ResolveAnimationPlaybackSystem.h">
      <Filter>ECS\System\Phase3</Filter>
    </ClInclude>
    <ClInclude Include="ECS\System\Phase3\SampleAnimationPoseSystem.h">
      <Filter>ECS\System\Phase3</Filter>
    </ClInclude>
    <ClInclude Include="ECS\System\Phase4\ApplyMovementDeltaSystem.h">
      <Filter>ECS\System\Phase4</Filter>
    </ClInclude>
    <ClInclude Include="ECS\System\Phase4\ComputeAbilityMoveDeltaSystem.h">
      <Filter>ECS\System\Phase4</Filter>
    </ClInclude>
    <ClInclude Include="ECS\System\Phase4\ComputeLocomotionMoveDeltaSystem.h">
      <Filter>ECS\System\Phase4</Filter>
    </ClInclude>
    <ClInclude Include="ECS\System\Phase5\ResolveCharacterOverlapSystem.h">
      <Filter>ECS\System\Phase5</Filter>
    </ClInclude>
    <ClInclude Include="ECS\System\Phase5\ResolveNavMeshBodyConstraintSystem.h">
      <Filter>ECS\System\Phase5</Filter>
    </ClInclude>
    <ClInclude Include="ECS\System\Phase6\MarkTransferPendingSystem.h">
      <Filter>ECS\System\Phase6</Filter>
    </ClInclude>
    <ClInclude Include="ECS\System\Phase6\AdvanceProjectileSystem.h">
      <Filter>ECS\System\Phase6</Filter>
    </ClInclude>
    <ClInclude Include="ECS\System\Phase6\MaterializeAbilityGameplayEventSystem.h">
      <Filter>ECS\System\Phase6</Filter>
    </ClInclude>
    <ClInclude Include="ECS\System\Phase6\ResolvePortalTriggerSystem.h">
      <Filter>ECS\System\Phase6</Filter>
    </ClInclude>
    <ClInclude Include="ECS\System\Phase6\SpawnAreaVolumeSystem.h">
      <Filter>ECS\System\Phase6</Filter>
    </ClInclude>
    <ClInclude Include="ECS\System\Phase6\SpawnProjectileSystem.h">
      <Filter>ECS\System\Phase6</Filter>
    </ClInclude>
    <ClInclude Include="ECS\System\Phase7\CombatHitResolutionUtil.h">
      <Filter>ECS\System\Phase7</Filter>
    </ClInclude>
    <ClInclude Include="ECS\System\Phase7\ResolveAreaHitSystem.h">
      <Filter>ECS\System\Phase7</Filter>
    </ClInclude>
    <ClInclude Include="ECS\System\Phase7\ResolveCombatColliderActivationSystem.h">
      <Filter>ECS\System\Phase7</Filter>
    </ClInclude>
    <ClInclude Include="ECS\System\Phase7\ResolveCombatHitSystem.h">
      <Filter>ECS\System\Phase7</Filter>
    </ClInclude>
    <ClInclude Include="ECS\System\Phase7\ResolveProjectileHitSystem.h">
      <Filter>ECS\System\Phase7</Filter>
    </ClInclude>
    <ClInclude Include="ECS\System\Phase8\CommitAbilityTimelineEventSystem.h">
      <Filter>ECS\System\Phase8</Filter>
    </ClInclude>
    <ClInclude Include="ECS\System\Phase8\CommitCombatResultSystem.h">
      <Filter>ECS\System\Phase8</Filter>
    </ClInclude>
    <ClInclude Include="ECS\System\Phase8\FinalizePostCommitStateSystem.h">
      <Filter>ECS\System\Phase8</Filter>
    </ClInclude>
    <ClInclude Include="ECS\System\Phase8\RecoverStaminaSystem.h">
      <Filter>ECS\System\Phase8</Filter>
    </ClInclude>
    <ClInclude Include="ECS\System\Phase8\ResolveGameplayEffectStateSystem.h">
      <Filter>ECS\System\Phase8</Filter>
    </ClInclude>
    <ClInclude Include="ECS\System\Phase8\ResolveDeathAndDespawnSystem.h">
      <Filter>ECS\System\Phase8</Filter>
    </ClInclude>
    <ClInclude Include="ECS\System\Phase9\CollectReplicationTodoSourceSystem.h">
      <Filter>ECS\System\Phase9</Filter>
    </ClInclude>
    <ClInclude Include="ECS\System\Phase0_AI\AIDecisionSystem.h">
      <Filter>ECS\System\Phase0</Filter>
    </ClInclude>
    <ClInclude Include="ECS\System\Phase0_AI\AIPerceptionSystem.h">
      <Filter>ECS\System\Phase0</Filter>
    </ClInclude>
    <ClInclude Include="ECS\System\Phase1\ApplyAICommandSystem.h">
      <Filter>ECS\System\Phase1</Filter>
    </ClInclude>
    <ClInclude Include="AIChaseState.h">
      <Filter>FSM\State</Filter>
    </ClInclude>
    <ClInclude Include="TransformHelper.h">
      <Filter>Utility\Helpers</Filter>
    </ClInclude>
    <ClInclude Include="AICombatState.h">
      <Filter>FSM\State</Filter>
    </ClInclude>
    <ClInclude Include="AIIdleState.h">
      <Filter>FSM\State</Filter>
    </ClInclude>
    <ClInclude Include="AIReactState.h">
      <Filter>FSM\State</Filter>
    </ClInclude>
    <ClInclude Include="AIReturnHomeState.h">
      <Filter>FSM\State</Filter>
    </ClInclude>
    <ClInclude Include="AISearchState.h">
      <Filter>FSM\State</Filter>
    </ClInclude>
    <ClInclude Include="IAIMovementPolicy.h">
      <Filter>FSM\Core\Interface</Filter>
    </ClInclude>
    <ClInclude Include="IAIState.h">
      <Filter>FSM\Core\Interface</Filter>
    </ClInclude>
    <ClInclude Include="AIFSMRegistry.h">
      <Filter>FSM\Core</Filter>
    </ClInclude>
    <ClInclude Include="Aspect\AIControlAspect.h">
      <Filter>Aspect</Filter>
    </ClInclude>
    <ClInclude Include="Aspect\BaseCombatantAspect.h">
      <Filter>Aspect</Filter>
    </ClInclude>
    <ClInclude Include="Aspect\BossPhaseAspect.h">
      <Filter>Aspect</Filter>
    </ClInclude>
    <ClInclude Include="Aspect\CharacterAspectRegistry.h">
      <Filter>Aspect</Filter>
    </ClInclude>
    <ClInclude Include="Aspect\CombatHitAspect.h">
      <Filter>Aspect</Filter>
    </ClInclude>
    <ClInclude Include="Aspect\ICharacterAspect.h">
      <Filter>Aspect</Filter>
    </ClInclude>
    <ClInclude Include="Aspect\IdentityAspect.h">
      <Filter>Aspect</Filter>
    </ClInclude>
    <ClInclude Include="Aspect\LocomotionPhysicsAspect.h">
      <Filter>Aspect</Filter>
    </ClInclude>
    <ClInclude Include="Aspect\PlayerControlAspect.h">
      <Filter>Aspect</Filter>
    </ClInclude>
    <ClInclude Include="Aspect\PortalAspect.h">
      <Filter>Aspect</Filter>
    </ClInclude>
    <ClInclude Include="Aspect\ReplicationAspect.h">
      <Filter>Aspect</Filter>
    </ClInclude>
    <ClInclude Include="FrameworkRuntime.h">
      <Filter>Framework</Filter>
    </ClInclude>
    <ClInclude Include="GameDataCatalog.h">
      <Filter>Data\Definition</Filter>
    </ClInclude>
    <ClInclude Include="Library\Detour\DetourMath.h">
      <Filter>Utility\Dependency\Detour</Filter>
    </ClInclude>
    <ClInclude Include="Library\Detour\DetourNavMesh.h">
      <Filter>Utility\Dependency\Detour</Filter>
    </ClInclude>
    <ClInclude Include="Library\Detour\DetourNavMeshBuilder.h">
      <Filter>Utility\Dependency\Detour</Filter>
    </ClInclude>
    <ClInclude Include="Library\Detour\DetourNavMeshQuery.h">
      <Filter>Utility\Dependency\Detour</Filter>
    </ClInclude>
    <ClInclude Include="Library\Detour\DetourNode.h">
      <Filter>Utility\Dependency\Detour</Filter>
    </ClInclude>
    <ClInclude Include="Library\Detour\DetourStatus.h">
      <Filter>Utility\Dependency\Detour</Filter>
    </ClInclude>
    <ClInclude Include="Library\Detour\DetourAlloc.h">
      <Filter>Utility\Dependency\Detour</Filter>
    </ClInclude>
    <ClInclude Include="Library\Detour\DetourAssert.h">
      <Filter>Utility\Dependency\Detour</Filter>
    </ClInclude>
    <ClInclude Include="Library\Detour\DetourCommon.h">
      <Filter>Utility\Dependency\Detour</Filter>
    </ClInclude>
    <ClInclude Include="Library\Recast\RecastAssert.h">
      <Filter>Utility\Dependency\Recast</Filter>
    </ClInclude>
    <ClInclude Include="Library\Recast\Recast.h">
      <Filter>Utility\Dependency\Recast</Filter>
    </ClInclude>
    <ClInclude Include="Library\Recast\RecastAlloc.h">
      <Filter>Utility\Dependency\Recast</Filter>
    </ClInclude>
    <ClInclude Include="IAICombatActionPolicy.h">
      <Filter>FSM\Core\Interface</Filter>
    </ClInclude>
    <ClInclude Include="IAIReactionPolicy.h">
      <Filter>FSM\Core\Interface</Filter>
    </ClInclude>
    <ClInclude Include="ServerPacketStager.h">
      <Filter>SessionSystem\Packets</Filter>
    </ClInclude>
    <ClInclude Include="ServerPathResolver.h">
      <Filter>Utility\Helpers</Filter>
    </ClInclude>
    <ClInclude Include="ServerPlayerControlBinding.h">
      <Filter>GameWorlds</Filter>
    </ClInclude>
    <ClInclude Include="ServerReplicationSnapshot.h">
      <Filter>SessionSystem\Replication</Filter>
    </ClInclude>
    <ClInclude Include="ServerDirtyReplicationService.h">
      <Filter>SessionSystem\Replication</Filter>
    </ClInclude>
    <ClInclude Include="ServerFrameEventDispatcher.h">
      <Filter>GameWorlds</Filter>
    </ClInclude>
    <ClInclude Include="ServerWorldTransferCommitter.h">
      <Filter>GameWorlds\Transfer</Filter>
    </ClInclude>
    <ClInclude Include="ServerWorldTransferBinding.h">
      <Filter>GameWorlds\Transfer</Filter>
    </ClInclude>
    <ClInclude Include="FrameworkFrameEventHarvester.h">
      <Filter>Framework</Filter>
    </ClInclude>
    <ClInclude Include="DataDrivenAICombatActionPolicy.h">
      <Filter>FSM\Policy</Filter>
    </ClInclude>
    <ClInclude Include="DataDrivenAIMovementPolicy.h">
      <Filter>FSM\Policy</Filter>
    </ClInclude>
    <ClInclude Include="DataDrivenAIReactionPolicy.h">
      <Filter>FSM\Policy</Filter>
    </ClInclude>
    <ClInclude Include="DataDrivenAISpecialActionPolicy.h">
      <Filter>FSM\Policy</Filter>
    </ClInclude>
    <ClInclude Include="IAISpecialActionPolicy.h">
      <Filter>FSM\Core\Interface</Filter>
    </ClInclude>
    <ClInclude Include="AICombatActionPolicyUtil.h">
      <Filter>FSM\Core</Filter>
    </ClInclude>
    <ClInclude Include="AIMovementPolicyUtil.h">
      <Filter>FSM\Core</Filter>
    </ClInclude>
    <ClInclude Include="ECS\Components\GameplayAbilityComponents.h">
      <Filter>ECS\Component</Filter>
    </ClInclude>
    <ClInclude Include="ECS\Components\GameplayAIComponents.h">
      <Filter>ECS\Component</Filter>
    </ClInclude>
    <ClInclude Include="ECS\Components\GameplayAnimationComponents.h">
      <Filter>ECS\Component</Filter>
    </ClInclude>
    <ClInclude Include="ECS\Components\GameplayCombatComponents.h">
      <Filter>ECS\Component</Filter>
    </ClInclude>
    <ClInclude Include="ECS\Components\GameplayComponentPrerequisites.h">
      <Filter>ECS\Component</Filter>
    </ClInclude>
    <ClInclude Include="ECS\Components\GameplayContentComponents.h">
      <Filter>ECS\Component</Filter>
    </ClInclude>
    <ClInclude Include="ECS\GameplayRuntimeComponents.h">
      <Filter>ECS\Component</Filter>
    </ClInclude>
    <ClInclude Include="ECS\Components\GameplayPresentationComponents.h">
      <Filter>ECS\Component</Filter>
    </ClInclude>
    <ClInclude Include="ECS\Components\GameplayReplicationComponents.h">
      <Filter>ECS\Component</Filter>
    </ClInclude>
    <ClInclude Include="ECS\Components\GameplaySpatialComponents.h">
      <Filter>ECS\Component</Filter>
    </ClInclude>
    <ClInclude Include="ECS\Components\GameplayWorldLifecycleComponents.h">
      <Filter>ECS\Component</Filter>
    </ClInclude>
    <ClInclude Include="ECS\Components\GameplayInputComponents.h">
      <Filter>ECS\Component</Filter>
    </ClInclude>
    <ClInclude Include="IAIIdleActionPolicy.h">
      <Filter>FSM\Core\Interface</Filter>
    </ClInclude>
    <ClInclude Include="DataDrivenAIIdleActionPolicy.h">
      <Filter>FSM\Policy</Filter>
    </ClInclude>
    <ClInclude Include="LoginAuth.h">
      <Filter>Database\Query</Filter>
    </ClInclude>
    <ClInclude Include="RegisterAccount.h">
      <Filter>Database\Query</Filter>
    </ClInclude>
  </ItemGroup>
  <ItemGroup>
    <Filter Include="App">
      <UniqueIdentifier>{8e1c1450-ab12-4fd8-93f1-1d65eeb9e2aa}</UniqueIdentifier>
    </Filter>
    <Filter Include="Utility">
      <UniqueIdentifier>{1545b1de-3dfc-433b-a4c6-491fa015a966}</UniqueIdentifier>
    </Filter>
    <Filter Include="Network">
      <UniqueIdentifier>{bedaecbc-eb80-482e-8572-f7b890b448fb}</UniqueIdentifier>
    </Filter>
    <Filter Include="Network\Protocol">
      <UniqueIdentifier>{78581224-a1e5-4384-a9ce-7b4fcf1f3138}</UniqueIdentifier>
    </Filter>
    <Filter Include="Network\Protocol\pb.%2a">
      <UniqueIdentifier>{e52e4be1-914a-4013-a884-38fb5e18bc64}</UniqueIdentifier>
    </Filter>
    <Filter Include="Utility\Dependency">
      <UniqueIdentifier>{9ff9b2d7-ea9b-4f87-81b5-f82f9aaa1afd}</UniqueIdentifier>
    </Filter>
    <Filter Include="Database">
      <UniqueIdentifier>{1e0d516a-c4f7-4552-8f88-552e04029cdc}</UniqueIdentifier>
    </Filter>
    <Filter Include="Data">
      <UniqueIdentifier>{f8d1d43e-0bea-4505-be9d-386880ced6f4}</UniqueIdentifier>
    </Filter>
    <Filter Include="Data\Definition">
      <UniqueIdentifier>{79b63e12-648f-4eb8-a404-ed7b0c26470b}</UniqueIdentifier>
    </Filter>
    <Filter Include="Data\Loader">
      <UniqueIdentifier>{2b6b1646-4151-4a89-90ae-d21c0131df8a}</UniqueIdentifier>
    </Filter>
    <Filter Include="Framework">
      <UniqueIdentifier>{04b8348f-b0f3-42b5-9f79-6ba7a45ae352}</UniqueIdentifier>
    </Filter>
    <Filter Include="Data\Registry">
      <UniqueIdentifier>{2459fc7c-d9a5-4d10-afc2-3ce932e1d3d9}</UniqueIdentifier>
    </Filter>
    <Filter Include="Data\Catalog">
      <UniqueIdentifier>{a6fd3c43-2f07-41d7-a2d1-b333d0d05001}</UniqueIdentifier>
    </Filter>
    <Filter Include="ECS">
      <UniqueIdentifier>{1c677717-17cc-4a7c-8ab7-5a5dba2f6815}</UniqueIdentifier>
    </Filter>
    <Filter Include="ECS\System">
      <UniqueIdentifier>{217383dc-51d4-472f-8f59-1d2639794f4d}</UniqueIdentifier>
    </Filter>
    <Filter Include="ECS\System\Phase1">
      <UniqueIdentifier>{dd7af8f7-45d3-42f0-8283-e4ee68eca11f}</UniqueIdentifier>
    </Filter>
    <Filter Include="ECS\System\Phase2">
      <UniqueIdentifier>{505ec749-66f3-46eb-b8fc-83c193fba019}</UniqueIdentifier>
    </Filter>
    <Filter Include="ECS\System\Phase3">
      <UniqueIdentifier>{b7d00b4e-8c4a-46dd-94de-c5331924e11f}</UniqueIdentifier>
    </Filter>
    <Filter Include="ECS\System\Phase4">
      <UniqueIdentifier>{e9de4423-e9a0-4f4c-a410-8888950e4fb4}</UniqueIdentifier>
    </Filter>
    <Filter Include="ECS\System\Phase5">
      <UniqueIdentifier>{4c78d67b-5c84-4aab-991d-df74af4419de}</UniqueIdentifier>
    </Filter>
    <Filter Include="ECS\System\Phase6">
      <UniqueIdentifier>{33ee51aa-dd65-4f0b-a65f-494612e232db}</UniqueIdentifier>
    </Filter>
    <Filter Include="ECS\System\Phase7">
      <UniqueIdentifier>{6fb67efe-0dab-481c-98c7-05c52d5634f0}</UniqueIdentifier>
    </Filter>
    <Filter Include="ECS\System\Phase8">
      <UniqueIdentifier>{59e64247-b84b-481d-b0cc-23a3068830e4}</UniqueIdentifier>
    </Filter>
    <Filter Include="ECS\System\Phase9">
      <UniqueIdentifier>{d61b144d-65d8-47f7-8ac4-665ebf48317b}</UniqueIdentifier>
    </Filter>
    <Filter Include="ECS\System\Phase0">
      <UniqueIdentifier>{e558c949-ee83-4ef8-ade1-a1658044f2bb}</UniqueIdentifier>
    </Filter>
    <Filter Include="FSM">
      <UniqueIdentifier>{420e18ae-1394-4499-8bb4-93bfe0362fbd}</UniqueIdentifier>
    </Filter>
    <Filter Include="Utility\Helpers">
      <UniqueIdentifier>{de5a3890-4b1b-407d-a86f-7615415f6b82}</UniqueIdentifier>
    </Filter>
    <Filter Include="FSM\Core">
      <UniqueIdentifier>{682f7aed-875f-4f39-9149-c2c5e9de07cb}</UniqueIdentifier>
    </Filter>
    <Filter Include="FSM\Core\Interface">
      <UniqueIdentifier>{5a9151d4-e48b-4c78-83f3-23f1e05e8f37}</UniqueIdentifier>
    </Filter>
    <Filter Include="Aspect">
      <UniqueIdentifier>{8dedabbf-65b2-4559-ba66-b92e25f1e608}</UniqueIdentifier>
    </Filter>
    <Filter Include="Utility\Dependency\Detour">
      <UniqueIdentifier>{870f4e94-27fa-474f-b724-a57f9a96e364}</UniqueIdentifier>
    </Filter>
    <Filter Include="Utility\Dependency\Recast">
      <UniqueIdentifier>{146c5074-34e6-40d4-978d-aa5b1c40eff9}</UniqueIdentifier>
    </Filter>
    <Filter Include="FSM\State">
      <UniqueIdentifier>{f7341ad7-a490-40e6-8b76-3f2892a7af0e}</UniqueIdentifier>
    </Filter>
    <Filter Include="FSM\Policy">
      <UniqueIdentifier>{ebda843a-d248-4679-9885-004f36b217c0}</UniqueIdentifier>
    </Filter>
    <Filter Include="ECS\Component">
      <UniqueIdentifier>{4a54cde9-6d10-4e89-b432-4b1f7c8e83e6}</UniqueIdentifier>
    </Filter>
    <Filter Include="SessionSystem">
      <UniqueIdentifier>{a9f9ac4d-a0e3-47f5-96e4-000000000101}</UniqueIdentifier>
    </Filter>
    <Filter Include="SessionSystem\Flow">
      <UniqueIdentifier>{a9f9ac4d-a0e3-47f5-96e4-000000000102}</UniqueIdentifier>
    </Filter>
    <Filter Include="SessionSystem\Entry">
      <UniqueIdentifier>{a9f9ac4d-a0e3-47f5-96e4-000000000103}</UniqueIdentifier>
    </Filter>
    <Filter Include="SessionSystem\Packets">
      <UniqueIdentifier>{a9f9ac4d-a0e3-47f5-96e4-000000000104}</UniqueIdentifier>
    </Filter>
    <Filter Include="SessionSystem\Replication">
      <UniqueIdentifier>{a9f9ac4d-a0e3-47f5-96e4-000000000105}</UniqueIdentifier>
    </Filter>
    <Filter Include="SessionSystem\Party">
      <UniqueIdentifier>{a9f9ac4d-a0e3-47f5-96e4-000000000106}</UniqueIdentifier>
    </Filter>
    <Filter Include="GameWorlds">
      <UniqueIdentifier>{a9f9ac4d-a0e3-47f5-96e4-000000000201}</UniqueIdentifier>
    </Filter>
    <Filter Include="GameWorlds\Bootstrap">
      <UniqueIdentifier>{a9f9ac4d-a0e3-47f5-96e4-000000000202}</UniqueIdentifier>
    </Filter>
    <Filter Include="GameWorlds\Transfer">
      <UniqueIdentifier>{a9f9ac4d-a0e3-47f5-96e4-000000000203}</UniqueIdentifier>
    </Filter>
    <Filter Include="Data\JSON">
      <UniqueIdentifier>{bf0fc022-2036-4ac4-b32d-5181d96422d4}</UniqueIdentifier>
    </Filter>
    <Filter Include="Data\JSON\Ability">
      <UniqueIdentifier>{ae563bac-f7b5-4911-ac5c-7cd6bd676463}</UniqueIdentifier>
    </Filter>
    <Filter Include="Database\Query">
      <UniqueIdentifier>{d1ec35c3-e15e-4db3-9726-ef5a67d47e29}</UniqueIdentifier>
    </Filter>
    <Filter Include="Data\JSON\Character">
      <UniqueIdentifier>{a5b113b4-eefe-4fc9-872d-99a3688343b1}</UniqueIdentifier>
    </Filter>
    <Filter Include="Data\JSON\AI">
      <UniqueIdentifier>{badc492c-8c12-4bfc-a424-b2dc518b848f}</UniqueIdentifier>
    </Filter>
    <Filter Include="Data\JSON\AreaHit">
      <UniqueIdentifier>{fbb51df1-cbe8-4dc4-98e6-c42abf5257a1}</UniqueIdentifier>
    </Filter>
  </ItemGroup>
  <ItemGroup>
    <None Include="..\Data\Ability\demon_striker_abilities.json">
      <Filter>Data\JSON\Ability</Filter>
    </None>
    <None Include="..\Data\Ability\final_boss_abilities.json">
      <Filter>Data\JSON\Ability</Filter>
    </None>
    <None Include="..\Data\Ability\imp_abilities.json">
      <Filter>Data\JSON\Ability</Filter>
    </None>
    <None Include="..\Data\Ability\knight_abilities.json">
      <Filter>Data\JSON\Ability</Filter>
    </None>
    <None Include="..\Data\Ability\lancer_abilities.json">
      <Filter>Data\JSON\Ability</Filter>
    </None>
    <None Include="..\Data\Ability\paladin_abilities.json">
      <Filter>Data\JSON\Ability</Filter>
    </None>
    <None Include="..\Data\Ability\tank_abilities.json">
      <Filter>Data\JSON\Ability</Filter>
    </None>
    <None Include="..\Data\Ability\bigdemonwarrior_abilities.json">
      <Filter>Data\JSON\Ability</Filter>
    </None>
    <None Include="..\Data\Ability\demon_executioner_abilities.json">
      <Filter>Data\JSON\Ability</Filter>
    </None>
    <None Include="..\Data\AreaHit\tank_area_hits.json">
      <Filter>Data\JSON\AreaHit</Filter>
    </None>
    <None Include="..\Data\Character\demon_executioner.json">
      <Filter>Data\JSON\Character</Filter>
    </None>
    <None Include="..\Data\Character\demon_striker.json">
      <Filter>Data\JSON\Character</Filter>
    </None>
    <None Include="..\Data\Character\final_boss.json">
      <Filter>Data\JSON\Character</Filter>
    </None>
    <None Include="..\Data\Character\imp.json">
      <Filter>Data\JSON\Character</Filter>
    </None>
    <None Include="..\Data\Character\knight.json">
      <Filter>Data\JSON\Character</Filter>
    </None>
    <None Include="..\Data\Character\lancer.json">
      <Filter>Data\JSON\Character</Filter>
    </None>
    <None Include="..\Data\Character\paladin.json">
      <Filter>Data\JSON\Character</Filter>
    </None>
    <None Include="..\Data\Character\tank.json">
      <Filter>Data\JSON\Character</Filter>
    </None>
    <None Include="..\Data\Character\bigdemonwarrior.json">
      <Filter>Data\JSON\Character</Filter>
    </None>
    <None Include="..\Data\AI\final_boss.json">
      <Filter>Data\JSON\AI</Filter>
    </None>
    <None Include="..\Data\AI\imp.json">
      <Filter>Data\JSON\AI</Filter>
    </None>
    <None Include="..\Data\AI\tank.json">
      <Filter>Data\JSON\AI</Filter>
    </None>
    <None Include="..\Data\AI\bigdemonwarrior.json">
      <Filter>Data\JSON\AI</Filter>
    </None>
    <None Include="..\Data\AI\demon_executioner.json">
      <Filter>Data\JSON\AI</Filter>
    </None>
    <None Include="..\Data\AI\demon_striker.json">
      <Filter>Data\JSON\AI</Filter>
    </None>
  </ItemGroup>
</Project>
