<?xml version="1.0" encoding="utf-8"?>
<Project ToolsVersion="4.0" xmlns="http://schemas.microsoft.com/developer/msbuild/2003">
  <ItemGroup>
    <ClCompile Include="GameObject.cpp">
      <Filter>Common</Filter>
    </ClCompile>
    <ClCompile Include="RootSignature.cpp">
      <Filter>DirectX12</Filter>
    </ClCompile>
    <ClCompile Include="Shader.cpp">
      <Filter>DirectX12</Filter>
    </ClCompile>
    <ClCompile Include="Texture.cpp">
      <Filter>DirectX12</Filter>
    </ClCompile>
    <ClCompile Include="UploadBuffer.cpp">
      <Filter>DirectX12</Filter>
    </ClCompile>
    <ClCompile Include="VertexIndexBuffer.cpp">
      <Filter>DirectX12</Filter>
    </ClCompile>
    <ClCompile Include="Engine.cpp">
      <Filter>Engine</Filter>
    </ClCompile>
    <ClCompile Include="Input.cpp">
      <Filter>Utils</Filter>
    </ClCompile>
    <ClCompile Include="pch.cpp">
      <Filter>Utils</Filter>
    </ClCompile>
    <ClCompile Include="Timer.cpp">
      <Filter>Utils</Filter>
    </ClCompile>
    <ClCompile Include="SceneManager.cpp">
      <Filter>Manager</Filter>
    </ClCompile>
    <ClCompile Include="Scene.cpp">
      <Filter>Scene</Filter>
    </ClCompile>
    <ClCompile Include="Main.cpp">
      <Filter>Main</Filter>
    </ClCompile>
    <ClCompile Include="Component.cpp">
      <Filter>Component</Filter>
    </ClCompile>
    <ClCompile Include="Importer.cpp">
      <Filter>Importer</Filter>
    </ClCompile>
    <ClCompile Include="Camera.cpp">
      <Filter>Common</Filter>
    </ClCompile>
    <ClCompile Include="TestScene.cpp">
      <Filter>Scene</Filter>
    </ClCompile>
    <ClCompile Include="MeshRenderer.cpp">
      <Filter>Component</Filter>
    </ClCompile>
    <ClCompile Include="Transform.cpp">
      <Filter>Component</Filter>
    </ClCompile>
    <ClCompile Include="Material.cpp">
      <Filter>Common</Filter>
    </ClCompile>
    <ClCompile Include="LoginScene.cpp">
      <Filter>Scene</Filter>
    </ClCompile>
    <ClCompile Include="ServerSquareScene.cpp">
      <Filter>Scene</Filter>
    </ClCompile>
    <ClCompile Include="GameScene.cpp">
      <Filter>Scene</Filter>
    </ClCompile>
    <ClCompile Include="Animator.cpp">
      <Filter>Component</Filter>
    </ClCompile>
    <ClCompile Include="DX12Core.cpp">
      <Filter>DirectX12</Filter>
    </ClCompile>
  </ItemGroup>
  <ItemGroup>
    <ClInclude Include="GameObject.h">
      <Filter>Common</Filter>
    </ClInclude>
    <ClInclude Include="RootSignature.h">
      <Filter>DirectX12</Filter>
    </ClInclude>
    <ClInclude Include="Shader.h">
      <Filter>DirectX12</Filter>
    </ClInclude>
    <ClInclude Include="Texture.h">
      <Filter>DirectX12</Filter>
    </ClInclude>
    <ClInclude Include="UploadBuffer.h">
      <Filter>DirectX12</Filter>
    </ClInclude>
    <ClInclude Include="VertexIndexBuffer.h">
      <Filter>DirectX12</Filter>
    </ClInclude>
    <ClInclude Include="Engine.h">
      <Filter>Engine</Filter>
    </ClInclude>
    <ClInclude Include="Input.h">
      <Filter>Utils</Filter>
    </ClInclude>
    <ClInclude Include="pch.h">
      <Filter>Utils</Filter>
    </ClInclude>
    <ClInclude Include="Timer.h">
      <Filter>Utils</Filter>
    </ClInclude>
    <ClInclude Include="SceneManager.h">
      <Filter>Manager</Filter>
    </ClInclude>
    <ClInclude Include="Scene.h">
      <Filter>Scene</Filter>
    </ClInclude>
    <ClInclude Include="Component.h">
      <Filter>Component</Filter>
    </ClInclude>
    <ClInclude Include="Importer.h">
      <Filter>Importer</Filter>
    </ClInclude>
    <ClInclude Include="Camera.h">
      <Filter>Common</Filter>
    </ClInclude>
    <ClInclude Include="TestScene.h">
      <Filter>Scene</Filter>
    </ClInclude>
    <ClInclude Include="MeshRenderer.h">
      <Filter>Component</Filter>
    </ClInclude>
    <ClInclude Include="Transform.h">
      <Filter>Component</Filter>
    </ClInclude>
    <ClInclude Include="Material.h">
      <Filter>Common</Filter>
    </ClInclude>
    <ClInclude Include="LoginScene.h">
      <Filter>Scene</Filter>
    </ClInclude>
    <ClInclude Include="ServerSquareScene.h">
      <Filter>Scene</Filter>
    </ClInclude>
    <ClInclude Include="GameScene.h">
      <Filter>Scene</Filter>
    </ClInclude>
    <ClInclude Include="Animator.h">
      <Filter>Component</Filter>
    </ClInclude>
    <ClInclude Include="DX12Core.h">
      <Filter>DirectX12</Filter>
    </ClInclude>
  </ItemGroup>
  <ItemGroup>
    <None Include="BasicPS.hlsli">
      <Filter>Shaders</Filter>
    </None>
    <None Include="BasicVS.hlsli">
      <Filter>Shaders</Filter>
    </None>
    <None Include="animation.hlsli">
      <Filter>Shaders</Filter>
    </None>
    <None Include="math.hlsli">
      <Filter>Shaders</Filter>
    </None>
  </ItemGroup>
  <ItemGroup>
    <Filter Include="Common">
      <UniqueIdentifier>{257846f3-013e-4081-b289-4951c2a07fc6}</UniqueIdentifier>
    </Filter>
    <Filter Include="DirectX12">
      <UniqueIdentifier>{e5f32d53-ee28-4f80-85d3-608210070673}</UniqueIdentifier>
    </Filter>
    <Filter Include="Engine">
      <UniqueIdentifier>{25daf8e8-694b-47e6-88ba-0f04a31a8b9a}</UniqueIdentifier>
    </Filter>
    <Filter Include="Shaders">
      <UniqueIdentifier>{016447d1-366c-4060-928a-7932eee167ed}</UniqueIdentifier>
    </Filter>
    <Filter Include="Scene">
      <UniqueIdentifier>{6137ff84-97fa-4c1a-8e83-cf83f39d48af}</UniqueIdentifier>
    </Filter>
    <Filter Include="Utils">
      <UniqueIdentifier>{18362f3d-5225-4b65-a55f-7f7e0f895f12}</UniqueIdentifier>
    </Filter>
    <Filter Include="Manager">
      <UniqueIdentifier>{cf515af2-59bb-4907-a9cf-935e3478682b}</UniqueIdentifier>
    </Filter>
    <Filter Include="Main">
      <UniqueIdentifier>{207f92b0-7638-4d5e-bb20-b02131d99acb}</UniqueIdentifier>
    </Filter>
    <Filter Include="Component">
      <UniqueIdentifier>{078e8281-9eda-40e1-84d2-46029c169ce8}</UniqueIdentifier>
    </Filter>
    <Filter Include="Importer">
      <UniqueIdentifier>{fb3b4387-ca26-490a-bbd0-8ccce2eaa6f0}</UniqueIdentifier>
    </Filter>
  </ItemGroup>
</Project>