<?xml version="1.0" encoding="utf-8"?>
<Project ToolsVersion="4.0" xmlns="http://schemas.microsoft.com/developer/msbuild/2003">
  <ItemGroup>
    <ClCompile Include="GameObject.cpp">
      <Filter>Common</Filter>
    </ClCompile>
    <ClCompile Include="Engine.cpp">
      <Filter>Engine</Filter>
    </ClCompile>
    <ClCompile Include="Input.cpp">
      <Filter>Utils</Filter>
    </ClCompile>
    <ClCompile Include="pch.cpp">
      <Filter>Utils</Filter>
    </ClCompile>
    <ClCompile Include="Timer.cpp">
      <Filter>Utils</Filter>
    </ClCompile>
    <ClCompile Include="SceneManager.cpp">
      <Filter>Manager</Filter>
    </ClCompile>
    <ClCompile Include="Main.cpp">
      <Filter>Main</Filter>
    </ClCompile>
    <ClCompile Include="Component.cpp">
      <Filter>Component</Filter>
    </ClCompile>
    <ClCompile Include="Importer.cpp">
      <Filter>Loader</Filter>
    </ClCompile>
    <ClCompile Include="Camera.cpp">
      <Filter>Common</Filter>
    </ClCompile>
    <ClCompile Include="Transform.cpp">
      <Filter>Component</Filter>
    </ClCompile>
    <ClCompile Include="Material.cpp">
      <Filter>Common</Filter>
    </ClCompile>
    <ClCompile Include="MainCharacter.cpp">
      <Filter>Common</Filter>
    </ClCompile>
    <ClCompile Include="ResourceManager.cpp">
      <Filter>Manager</Filter>
    </ClCompile>
    <ClCompile Include="EffectRenderer.cpp">
      <Filter>Component</Filter>
    </ClCompile>
    <ClCompile Include="ObjectPoolManager.cpp">
      <Filter>Manager</Filter>
    </ClCompile>
    <ClCompile Include="SoundManager.cpp">
      <Filter>Manager</Filter>
    </ClCompile>
    <ClCompile Include="..\Dependency\ImGui\imgui.cpp">
      <Filter>Utils\ImGui</Filter>
    </ClCompile>
    <ClCompile Include="..\Dependency\ImGui\imgui_demo.cpp">
      <Filter>Utils\ImGui</Filter>
    </ClCompile>
    <ClCompile Include="..\Dependency\ImGui\imgui_draw.cpp">
      <Filter>Utils\ImGui</Filter>
    </ClCompile>
    <ClCompile Include="..\Dependency\ImGui\imgui_impl_dx12.cpp">
      <Filter>Utils\ImGui</Filter>
    </ClCompile>
    <ClCompile Include="..\Dependency\ImGui\imgui_impl_win32.cpp">
      <Filter>Utils\ImGui</Filter>
    </ClCompile>
    <ClCompile Include="..\Dependency\ImGui\imgui_tables.cpp">
      <Filter>Utils\ImGui</Filter>
    </ClCompile>
    <ClCompile Include="..\Dependency\ImGui\imgui_widgets.cpp">
      <Filter>Utils\ImGui</Filter>
    </ClCompile>
    <ClCompile Include="ImGuiManager.cpp">
      <Filter>Manager</Filter>
    </ClCompile>
    <ClCompile Include="ClientConnectionListener.cpp">
      <Filter>Network</Filter>
    </ClCompile>
    <ClCompile Include="NetworkManager.cpp">
      <Filter>Network</Filter>
    </ClCompile>
    <ClCompile Include="SkyBox.cpp">
      <Filter>Common</Filter>
    </ClCompile>
    <ClCompile Include="Singleton.cpp">
      <Filter>Utils</Filter>
    </ClCompile>
    <ClCompile Include="..\..\ProtocolLib\ProtocolLib\Protocols\Protocol.pb.cc">
      <Filter>Network\Protocol\pb.%2a</Filter>
    </ClCompile>
    <ClCompile Include="Mesh.cpp">
      <Filter>Component</Filter>
    </ClCompile>
    <ClCompile Include="SceneRenderer.cpp">
      <Filter>Rendering</Filter>
    </ClCompile>
    <ClCompile Include="InstancingBatch.cpp">
      <Filter>Rendering</Filter>
    </ClCompile>
    <ClCompile Include="AnimationMachine.cpp">
      <Filter>Component</Filter>
    </ClCompile>
    <ClCompile Include="Animator.cpp">
      <Filter>Component</Filter>
    </ClCompile>
    <ClCompile Include="AnimationSet.cpp">
      <Filter>Common\AnimationSet</Filter>
    </ClCompile>
    <ClCompile Include="AnimationSetFactory.cpp">
      <Filter>Common\AnimationSet</Filter>
    </ClCompile>
    <ClCompile Include="InstanceLoader.cpp">
      <Filter>Loader</Filter>
    </ClCompile>
    <ClCompile Include="Terrain.cpp">
      <Filter>Common</Filter>
    </ClCompile>
    <ClCompile Include="EffectManager.cpp">
      <Filter>Manager</Filter>
    </ClCompile>
    <ClCompile Include="UIManager.cpp">
      <Filter>Manager</Filter>
    </ClCompile>
    <ClCompile Include="StartSceneUIController.cpp">
      <Filter>UI\Controller</Filter>
    </ClCompile>
    <ClCompile Include="UIController.cpp">
      <Filter>UI\Controller</Filter>
    </ClCompile>
    <ClCompile Include="GameSceneUIController.cpp">
      <Filter>UI\Controller</Filter>
    </ClCompile>
    <ClCompile Include="BarUI.cpp">
      <Filter>UI\UIType</Filter>
    </ClCompile>
    <ClCompile Include="ImageUI.cpp">
      <Filter>UI\UIType</Filter>
    </ClCompile>
    <ClCompile Include="PanelUI.cpp">
      <Filter>UI\UIType</Filter>
    </ClCompile>
    <ClCompile Include="TextUI.cpp">
      <Filter>UI\UIType</Filter>
    </ClCompile>
    <ClCompile Include="UIComponent.cpp">
      <Filter>UI\Base</Filter>
    </ClCompile>
    <ClCompile Include="TitleScene.cpp">
      <Filter>Scene\1. Title</Filter>
    </ClCompile>
    <ClCompile Include="SelectScene.cpp">
      <Filter>Scene\2. Select</Filter>
    </ClCompile>
    <ClCompile Include="PlazaScene.cpp">
      <Filter>Scene\3. Plaza</Filter>
    </ClCompile>
    <ClCompile Include="FirstBattleScene.cpp">
      <Filter>Scene\4. Village</Filter>
    </ClCompile>
    <ClCompile Include="Scene.cpp">
      <Filter>Scene\Base</Filter>
    </ClCompile>
    <ClCompile Include="SecondBattleScene.cpp">
      <Filter>Scene\5. Castle</Filter>
    </ClCompile>
    <ClCompile Include="SelectSceneUIController.cpp">
      <Filter>UI\Controller</Filter>
    </ClCompile>
    <ClCompile Include="LoadingScene.cpp">
      <Filter>Scene\99. Loading</Filter>
    </ClCompile>
    <ClCompile Include="LoadingSceneUIController.cpp">
      <Filter>UI\Controller</Filter>
    </ClCompile>
    <ClCompile Include="LightManager.cpp">
      <Filter>Manager</Filter>
    </ClCompile>
    <ClCompile Include="DX12Core.cpp">
      <Filter>DirectX12\Core</Filter>
    </ClCompile>
    <ClCompile Include="GPUBuffer.cpp">
      <Filter>DirectX12\Parts</Filter>
    </ClCompile>
    <ClCompile Include="RootSignature.cpp">
      <Filter>DirectX12\Parts</Filter>
    </ClCompile>
    <ClCompile Include="Shader.cpp">
      <Filter>DirectX12\Parts</Filter>
    </ClCompile>
    <ClCompile Include="Texture.cpp">
      <Filter>DirectX12\Parts</Filter>
    </ClCompile>
    <ClCompile Include="VertexIndexBuffer.cpp">
      <Filter>DirectX12\Parts</Filter>
    </ClCompile>
    <ClCompile Include="DeviceContext.cpp">
      <Filter>DirectX12\Parts</Filter>
    </ClCompile>
    <ClCompile Include="SwapChain.cpp">
      <Filter>DirectX12\Parts</Filter>
    </ClCompile>
    <ClCompile Include="RenderTargets.cpp">
      <Filter>DirectX12\Parts</Filter>
    </ClCompile>
    <ClCompile Include="ShadowMappingManager.cpp">
      <Filter>Manager</Filter>
    </ClCompile>
    <ClCompile Include="FroxelManager.cpp">
      <Filter>Manager</Filter>
    </ClCompile>
    <ClCompile Include="SSAO.cpp">
      <Filter>Graphics</Filter>
    </ClCompile>
    <ClCompile Include="LookUpTextures.cpp">
      <Filter>Common</Filter>
    </ClCompile>
    <ClCompile Include="Water.cpp">
      <Filter>Common</Filter>
    </ClCompile>
    <ClCompile Include="FinalBattleScene.cpp">
      <Filter>Scene\6. Final %28Boss &amp; PVP%29</Filter>
    </ClCompile>
    <ClCompile Include="FootDustComponent.cpp">
      <Filter>Effect</Filter>
    </ClCompile>
    <ClCompile Include="FlameComponent.cpp">
      <Filter>Effect</Filter>
    </ClCompile>
    <ClCompile Include="TrailComponent.cpp">
      <Filter>Effect</Filter>
    </ClCompile>
    <ClCompile Include="EffectComponent.cpp">
      <Filter>Effect\Base</Filter>
    </ClCompile>
    <ClCompile Include="ClientInboundPacketQueue.cpp">
      <Filter>Network</Filter>
    </ClCompile>
    <ClCompile Include="ClientPacketRouter.cpp">
      <Filter>Network</Filter>
    </ClCompile>
    <ClCompile Include="ClientWorldTransitionController.cpp">
      <Filter>Network</Filter>
    </ClCompile>
    <ClCompile Include="SceneSetting.cpp">
      <Filter>Scene\Base</Filter>
    </ClCompile>
    <ClCompile Include="BloomManager.cpp">
      <Filter>Manager</Filter>
    </ClCompile>
    <ClCompile Include="ParrySparkComponent.cpp">
      <Filter>Effect\Parry</Filter>
    </ClCompile>
    <ClCompile Include="ParryFlashComponent.cpp">
      <Filter>Effect\Parry</Filter>
    </ClCompile>
    <ClCompile Include="ParryStreakComponent.cpp">
      <Filter>Effect\Parry</Filter>
    </ClCompile>
    <ClCompile Include="ClusterLightManager.cpp">
      <Filter>Manager</Filter>
    </ClCompile>
  </ItemGroup>
  <ItemGroup>
    <ClInclude Include="GameObject.h">
      <Filter>Common</Filter>
    </ClInclude>
    <ClInclude Include="Engine.h">
      <Filter>Engine</Filter>
    </ClInclude>
    <ClInclude Include="Input.h">
      <Filter>Utils</Filter>
    </ClInclude>
    <ClInclude Include="pch.h">
      <Filter>Utils</Filter>
    </ClInclude>
    <ClInclude Include="Timer.h">
      <Filter>Utils</Filter>
    </ClInclude>
    <ClInclude Include="SceneManager.h">
      <Filter>Manager</Filter>
    </ClInclude>
    <ClInclude Include="Component.h">
      <Filter>Component</Filter>
    </ClInclude>
    <ClInclude Include="Importer.h">
      <Filter>Loader</Filter>
    </ClInclude>
    <ClInclude Include="Camera.h">
      <Filter>Common</Filter>
    </ClInclude>
    <ClInclude Include="Transform.h">
      <Filter>Component</Filter>
    </ClInclude>
    <ClInclude Include="Material.h">
      <Filter>Common</Filter>
    </ClInclude>
    <ClInclude Include="MainCharacter.h">
      <Filter>Common</Filter>
    </ClInclude>
    <ClInclude Include="ResourceManager.h">
      <Filter>Manager</Filter>
    </ClInclude>
    <ClInclude Include="EffectRenderer.h">
      <Filter>Component</Filter>
    </ClInclude>
    <ClInclude Include="ObjectPoolManager.h">
      <Filter>Manager</Filter>
    </ClInclude>
    <ClInclude Include="SoundManager.h">
      <Filter>Manager</Filter>
    </ClInclude>
    <ClInclude Include="..\Dependency\ImGui\imconfig.h">
      <Filter>Utils\ImGui</Filter>
    </ClInclude>
    <ClInclude Include="..\Dependency\ImGui\imgui.h">
      <Filter>Utils\ImGui</Filter>
    </ClInclude>
    <ClInclude Include="..\Dependency\ImGui\imgui_impl_dx12.h">
      <Filter>Utils\ImGui</Filter>
    </ClInclude>
    <ClInclude Include="..\Dependency\ImGui\imgui_impl_win32.h">
      <Filter>Utils\ImGui</Filter>
    </ClInclude>
    <ClInclude Include="..\Dependency\ImGui\imgui_internal.h">
      <Filter>Utils\ImGui</Filter>
    </ClInclude>
    <ClInclude Include="..\Dependency\ImGui\imstb_rectpack.h">
      <Filter>Utils\ImGui</Filter>
    </ClInclude>
    <ClInclude Include="..\Dependency\ImGui\imstb_textedit.h">
      <Filter>Utils\ImGui</Filter>
    </ClInclude>
    <ClInclude Include="..\Dependency\ImGui\imstb_truetype.h">
      <Filter>Utils\ImGui</Filter>
    </ClInclude>
    <ClInclude Include="ImGuiManager.h">
      <Filter>Manager</Filter>
    </ClInclude>
    <ClInclude Include="ClientConnectionListener.h">
      <Filter>Network</Filter>
    </ClInclude>
    <ClInclude Include="NetworkManager.h">
      <Filter>Network</Filter>
    </ClInclude>
    <ClInclude Include="SkyBox.h">
      <Filter>Common</Filter>
    </ClInclude>
    <ClInclude Include="Singleton.h">
      <Filter>Utils</Filter>
    </ClInclude>
    <ClInclude Include="..\..\ProtocolLib\ProtocolLib\Protocols\Protocol.pb.h">
      <Filter>Network\Protocol\pb.%2a</Filter>
    </ClInclude>
    <ClInclude Include="Mesh.h">
      <Filter>Component</Filter>
    </ClInclude>
    <ClInclude Include="SceneRenderer.h">
      <Filter>Rendering</Filter>
    </ClInclude>
    <ClInclude Include="InstancingBatch.h">
      <Filter>Rendering</Filter>
    </ClInclude>
    <ClInclude Include="AnimationMachine.h">
      <Filter>Component</Filter>
    </ClInclude>
    <ClInclude Include="Animator.h">
      <Filter>Component</Filter>
    </ClInclude>
    <ClInclude Include="AnimationSetFactory.h">
      <Filter>Common\AnimationSet</Filter>
    </ClInclude>
    <ClInclude Include="AnimationSet.h">
      <Filter>Common\AnimationSet</Filter>
    </ClInclude>
    <ClInclude Include="InstanceLoader.h">
      <Filter>Loader</Filter>
    </ClInclude>
    <ClInclude Include="Terrain.h">
      <Filter>Common</Filter>
    </ClInclude>
    <ClInclude Include="EffectManager.h">
      <Filter>Manager</Filter>
    </ClInclude>
    <ClInclude Include="UIManager.h">
      <Filter>Manager</Filter>
    </ClInclude>
    <ClInclude Include="StartSceneUIController.h">
      <Filter>UI\Controller</Filter>
    </ClInclude>
    <ClInclude Include="UIController.h">
      <Filter>UI\Controller</Filter>
    </ClInclude>
    <ClInclude Include="GameSceneUIController.h">
      <Filter>UI\Controller</Filter>
    </ClInclude>
    <ClInclude Include="BarUI.h">
      <Filter>UI\UIType</Filter>
    </ClInclude>
    <ClInclude Include="ImageUI.h">
      <Filter>UI\UIType</Filter>
    </ClInclude>
    <ClInclude Include="PanelUI.h">
      <Filter>UI\UIType</Filter>
    </ClInclude>
    <ClInclude Include="TextUI.h">
      <Filter>UI\UIType</Filter>
    </ClInclude>
    <ClInclude Include="UIComponent.h">
      <Filter>UI\Base</Filter>
    </ClInclude>
    <ClInclude Include="TitleScene.h">
      <Filter>Scene\1. Title</Filter>
    </ClInclude>
    <ClInclude Include="SelectScene.h">
      <Filter>Scene\2. Select</Filter>
    </ClInclude>
    <ClInclude Include="PlazaScene.h">
      <Filter>Scene\3. Plaza</Filter>
    </ClInclude>
    <ClInclude Include="FirstBattleScene.h">
      <Filter>Scene\4. Village</Filter>
    </ClInclude>
    <ClInclude Include="Scene.h">
      <Filter>Scene\Base</Filter>
    </ClInclude>
    <ClInclude Include="SecondBattleScene.h">
      <Filter>Scene\5. Castle</Filter>
    </ClInclude>
    <ClInclude Include="SelectSceneUIController.h">
      <Filter>UI\Controller</Filter>
    </ClInclude>
    <ClInclude Include="LoadingScene.h">
      <Filter>Scene\99. Loading</Filter>
    </ClInclude>
    <ClInclude Include="LoadingSceneUIController.h">
      <Filter>UI\Controller</Filter>
    </ClInclude>
    <ClInclude Include="LightManager.h">
      <Filter>Manager</Filter>
    </ClInclude>
    <ClInclude Include="DX12Core.h">
      <Filter>DirectX12\Core</Filter>
    </ClInclude>
    <ClInclude Include="GPUBuffer.h">
      <Filter>DirectX12\Parts</Filter>
    </ClInclude>
    <ClInclude Include="RootSignature.h">
      <Filter>DirectX12\Parts</Filter>
    </ClInclude>
    <ClInclude Include="Shader.h">
      <Filter>DirectX12\Parts</Filter>
    </ClInclude>
    <ClInclude Include="Texture.h">
      <Filter>DirectX12\Parts</Filter>
    </ClInclude>
    <ClInclude Include="VertexIndexBuffer.h">
      <Filter>DirectX12\Parts</Filter>
    </ClInclude>
    <ClInclude Include="DeviceContext.h">
      <Filter>DirectX12\Parts</Filter>
    </ClInclude>
    <ClInclude Include="SwapChain.h">
      <Filter>DirectX12\Parts</Filter>
    </ClInclude>
    <ClInclude Include="RenderTargets.h">
      <Filter>DirectX12\Parts</Filter>
    </ClInclude>
    <ClInclude Include="ShadowMappingManager.h">
      <Filter>Manager</Filter>
    </ClInclude>
    <ClInclude Include="FroxelManager.h">
      <Filter>Manager</Filter>
    </ClInclude>
    <ClInclude Include="SSAO.h">
      <Filter>Graphics</Filter>
    </ClInclude>
    <ClInclude Include="LookUpTextures.h">
      <Filter>Common</Filter>
    </ClInclude>
    <ClInclude Include="Water.h">
      <Filter>Common</Filter>
    </ClInclude>
    <ClInclude Include="FinalBattleScene.h">
      <Filter>Scene\6. Final %28Boss &amp; PVP%29</Filter>
    </ClInclude>
    <ClInclude Include="FootDustComponent.h">
      <Filter>Effect</Filter>
    </ClInclude>
    <ClInclude Include="FlameComponent.h">
      <Filter>Effect</Filter>
    </ClInclude>
    <ClInclude Include="TrailComponent.h">
      <Filter>Effect</Filter>
    </ClInclude>
    <ClInclude Include="EffectComponent.h">
      <Filter>Effect\Base</Filter>
    </ClInclude>
    <ClInclude Include="BloomManager.h">
      <Filter>Manager</Filter>
    </ClInclude>
    <ClInclude Include="SceneSetting.h">
      <Filter>Scene\Base</Filter>
    </ClInclude>
    <ClInclude Include="ClientInboundPacketQueue.h">
      <Filter>Network</Filter>
    </ClInclude>
    <ClInclude Include="ClientPacketRouter.h">
      <Filter>Network</Filter>
    </ClInclude>
    <ClInclude Include="ClientWorldTransitionController.h">
      <Filter>Network</Filter>
    </ClInclude>
    <ClInclude Include="ParrySparkComponent.h">
      <Filter>Effect\Parry</Filter>
    </ClInclude>
    <ClInclude Include="ParryFlashComponent.h">
      <Filter>Effect\Parry</Filter>
    </ClInclude>
    <ClInclude Include="ParryStreakComponent.h">
      <Filter>Effect\Parry</Filter>
    </ClInclude>
    <ClInclude Include="ClusterLightManager.h">
      <Filter>Manager</Filter>
    </ClInclude>
    <ClInclude Include="NetHelper.h">
      <Filter>Network</Filter>
    </ClInclude>
  </ItemGroup>
  <ItemGroup>
    <None Include="..\Shaders\GBufferVS.hlsli">
      <Filter>Shaders\GBuffer</Filter>
    </None>
    <None Include="..\Shaders\GBufferPS.hlsli">
      <Filter>Shaders\GBuffer</Filter>
    </None>
    <None Include="..\Shaders\ForwardVS.hlsli">
      <Filter>Shaders\Forward</Filter>
    </None>
    <None Include="..\Shaders\ForwardPS.hlsli">
      <Filter>Shaders\Forward</Filter>
    </None>
    <None Include="..\Shaders\math.hlsli">
      <Filter>Shaders\Util</Filter>
    </None>
    <None Include="..\Shaders\ShaderResources.hlsli">
      <Filter>Shaders\Common</Filter>
    </None>
    <None Include="..\Shaders\PBR.hlsli">
      <Filter>Shaders\Lighting</Filter>
    </None>
    <None Include="..\Shaders\Constants.hlsli">
      <Filter>Shaders\Common</Filter>
    </None>
    <None Include="..\Shaders\CommonData.hlsli">
      <Filter>Shaders\Common</Filter>
    </None>
    <None Include="..\Shaders\InOutFormats.hlsli">
      <Filter>Shaders\Common</Filter>
    </None>
    <None Include="..\Shaders\ShadowPS.hlsli">
      <Filter>Shaders\Shadow</Filter>
    </None>
    <None Include="..\Shaders\ShadowVS.hlsli">
      <Filter>Shaders\Shadow</Filter>
    </None>
    <None Include="..\Shaders\FullscreenVS.hlsli">
      <Filter>Shaders\Deferred</Filter>
    </None>
    <None Include="..\Shaders\animation.hlsli">
      <Filter>Shaders\Animation</Filter>
    </None>
    <None Include="..\Shaders\Shadow.hlsli">
      <Filter>Shaders\Lighting</Filter>
    </None>
    <None Include="..\Shaders\Fog.hlsli">
      <Filter>Shaders\Lighting</Filter>
    </None>
    <None Include="..\Shaders\Skinning.hlsli">
      <Filter>Shaders\Animation</Filter>
    </None>
    <None Include="..\Shaders\SkyboxVS.hlsli">
      <Filter>Shaders\SkyBox</Filter>
    </None>
    <None Include="..\Shaders\SkyboxPS.hlsli">
      <Filter>Shaders\SkyBox</Filter>
    </None>
    <None Include="..\Shaders\LightingPS.hlsli">
      <Filter>Shaders\Deferred</Filter>
    </None>
    <None Include="..\Shaders\VolumetricFog.hlsli">
      <Filter>Shaders\Volumetric</Filter>
    </None>
    <None Include="..\Shaders\VertexAnimation.hlsli">
      <Filter>Shaders\Animation</Filter>
    </None>
    <None Include="..\Shaders\SsaoPS.hlsli">
      <Filter>Shaders\SSAO</Filter>
    </None>
    <None Include="..\Shaders\SsaoBlurPS.hlsli">
      <Filter>Shaders\SSAO</Filter>
    </None>
    <None Include="..\Shaders\ToneMapping.hlsli">
      <Filter>Shaders\Lighting</Filter>
    </None>
    <None Include="..\Shaders\TrailPS.hlsli">
      <Filter>Shaders\Effects</Filter>
    </None>
    <None Include="..\Shaders\FlamePS.hlsli">
      <Filter>Shaders\Effects</Filter>
    </None>
    <None Include="..\Shaders\EffectVS.hlsli">
      <Filter>Shaders\Effects</Filter>
    </None>
    <None Include="..\Shaders\SparkPS.hlsli">
      <Filter>Shaders\Effects</Filter>
    </None>
    <None Include="..\Shaders\VolumetricFogPassPS.hlsli">
      <Filter>Shaders\Volumetric</Filter>
    </None>
    <None Include="..\Shaders\BlitPS.hlsli">
      <Filter>Shaders\Bloom</Filter>
    </None>
    <None Include="..\Shaders\BloomDownsamplePS.hlsli">
      <Filter>Shaders\Bloom</Filter>
    </None>
    <None Include="..\Shaders\BloomUpsamplePS.hlsli">
      <Filter>Shaders\Bloom</Filter>
    </None>
    <None Include="..\Shaders\ClusterCullCS.hlsli">
      <Filter>Shaders\Clustered</Filter>
    </None>
    <None Include="..\Shaders\GlowPS.hlsli">
      <Filter>Shaders\Effects</Filter>
    </None>
  </ItemGroup>
  <ItemGroup>
    <Filter Include="Common">
      <UniqueIdentifier>{257846f3-013e-4081-b289-4951c2a07fc6}</UniqueIdentifier>
    </Filter>
    <Filter Include="DirectX12">
      <UniqueIdentifier>{e5f32d53-ee28-4f80-85d3-608210070673}</UniqueIdentifier>
    </Filter>
    <Filter Include="Engine">
      <UniqueIdentifier>{25daf8e8-694b-47e6-88ba-0f04a31a8b9a}</UniqueIdentifier>
    </Filter>
    <Filter Include="Shaders">
      <UniqueIdentifier>{016447d1-366c-4060-928a-7932eee167ed}</UniqueIdentifier>
    </Filter>
    <Filter Include="Scene">
      <UniqueIdentifier>{6137ff84-97fa-4c1a-8e83-cf83f39d48af}</UniqueIdentifier>
    </Filter>
    <Filter Include="Utils">
      <UniqueIdentifier>{18362f3d-5225-4b65-a55f-7f7e0f895f12}</UniqueIdentifier>
    </Filter>
    <Filter Include="Manager">
      <UniqueIdentifier>{cf515af2-59bb-4907-a9cf-935e3478682b}</UniqueIdentifier>
    </Filter>
    <Filter Include="Main">
      <UniqueIdentifier>{207f92b0-7638-4d5e-bb20-b02131d99acb}</UniqueIdentifier>
    </Filter>
    <Filter Include="Component">
      <UniqueIdentifier>{078e8281-9eda-40e1-84d2-46029c169ce8}</UniqueIdentifier>
    </Filter>
    <Filter Include="Shaders\Forward">
      <UniqueIdentifier>{f1336e4c-b49f-485b-83d8-8f6f8110835a}</UniqueIdentifier>
    </Filter>
    <Filter Include="Shaders\GBuffer">
      <UniqueIdentifier>{f33b2445-71b1-4c49-9d0c-68a2b638731e}</UniqueIdentifier>
    </Filter>
    <Filter Include="Shaders\Util">
      <UniqueIdentifier>{0f90f49f-3f3c-47c8-8b3c-82befb949cd4}</UniqueIdentifier>
    </Filter>
    <Filter Include="Shaders\Common">
      <UniqueIdentifier>{729a15f4-e760-457d-97f4-92ab2efaf64a}</UniqueIdentifier>
    </Filter>
    <Filter Include="Shaders\Lighting">
      <UniqueIdentifier>{be6a0cee-4c3f-4c11-9d45-3418c659c215}</UniqueIdentifier>
    </Filter>
    <Filter Include="Shaders\Shadow">
      <UniqueIdentifier>{0b27f25f-84f4-4969-a8ac-239023e4ea68}</UniqueIdentifier>
    </Filter>
    <Filter Include="Shaders\Deferred">
      <UniqueIdentifier>{bcb78b2e-a242-41c6-b89b-ca9c2026ef83}</UniqueIdentifier>
    </Filter>
    <Filter Include="Shaders\Animation">
      <UniqueIdentifier>{d4e073f9-d580-4b7b-8cf0-2189b46c7bf7}</UniqueIdentifier>
    </Filter>
    <Filter Include="Utils\ImGui">
      <UniqueIdentifier>{d186ce39-36e3-43df-a52d-f5699aed14c9}</UniqueIdentifier>
    </Filter>
    <Filter Include="Shaders\SkyBox">
      <UniqueIdentifier>{8877b7b0-8fde-44a3-b88d-80c374c87174}</UniqueIdentifier>
    </Filter>
    <Filter Include="Network">
      <UniqueIdentifier>{88ae93a1-5902-484d-8daf-24af6d01b431}</UniqueIdentifier>
    </Filter>
    <Filter Include="Network\Protocol">
      <UniqueIdentifier>{3a4d116a-b316-4ab2-a8d2-9ecfb53a6575}</UniqueIdentifier>
    </Filter>
    <Filter Include="Network\Protocol\pb.%2a">
      <UniqueIdentifier>{8f75e9c6-16ce-44ea-bb94-59e53792e9c6}</UniqueIdentifier>
    </Filter>
    <Filter Include="Rendering">
      <UniqueIdentifier>{e4a2bbc4-7dee-4d55-bcec-4182cfc74628}</UniqueIdentifier>
    </Filter>
    <Filter Include="Common\AnimationSet">
      <UniqueIdentifier>{8bd870aa-3a8d-4cfa-8546-2bbb595909a0}</UniqueIdentifier>
    </Filter>
    <Filter Include="Loader">
      <UniqueIdentifier>{fb3b4387-ca26-490a-bbd0-8ccce2eaa6f0}</UniqueIdentifier>
    </Filter>
    <Filter Include="UI">
      <UniqueIdentifier>{5773ab61-cdf7-4a5f-9718-27c0ab953626}</UniqueIdentifier>
    </Filter>
    <Filter Include="UI\Controller">
      <UniqueIdentifier>{6a87b0ca-3e3f-4b93-a355-6d70b38a7128}</UniqueIdentifier>
    </Filter>
    <Filter Include="UI\UIType">
      <UniqueIdentifier>{b91760ed-b027-4f80-aa5b-46c22e0167ca}</UniqueIdentifier>
    </Filter>
    <Filter Include="UI\Base">
      <UniqueIdentifier>{2c6f86b5-0336-4e90-9afc-36dd169dcc3b}</UniqueIdentifier>
    </Filter>
    <Filter Include="Scene\2. Select">
      <UniqueIdentifier>{69b3b71e-9ee4-4be9-9079-059e773a30ea}</UniqueIdentifier>
    </Filter>
    <Filter Include="Scene\1. Title">
      <UniqueIdentifier>{9c20e160-7567-4319-b316-77548508eefb}</UniqueIdentifier>
    </Filter>
    <Filter Include="Scene\Base">
      <UniqueIdentifier>{302555da-ea64-4da8-a7b0-f6417d15fa6a}</UniqueIdentifier>
    </Filter>
    <Filter Include="Scene\99. Loading">
      <UniqueIdentifier>{0af137ca-4db1-4aec-a1fe-d4af63a948e4}</UniqueIdentifier>
    </Filter>
    <Filter Include="Shaders\Volumetric">
      <UniqueIdentifier>{e5afff66-9f45-40f4-935c-00edbd23181b}</UniqueIdentifier>
    </Filter>
    <Filter Include="DirectX12\Core">
      <UniqueIdentifier>{2643efe5-2320-45e9-a31b-baea158b4bf2}</UniqueIdentifier>
    </Filter>
    <Filter Include="DirectX12\Parts">
      <UniqueIdentifier>{1ebfab93-145c-40db-9f96-3273b4b50ad3}</UniqueIdentifier>
    </Filter>
    <Filter Include="Shaders\SSAO">
      <UniqueIdentifier>{e1356d59-826d-45f0-86fd-5727d48d741d}</UniqueIdentifier>
    </Filter>
    <Filter Include="Graphics">
      <UniqueIdentifier>{54ad2961-692c-45b9-9790-32fdb3c48307}</UniqueIdentifier>
    </Filter>
    <Filter Include="Scene\3. Plaza">
      <UniqueIdentifier>{623dc269-42ef-4be0-b757-f385bbc2ebe5}</UniqueIdentifier>
    </Filter>
    <Filter Include="Scene\4. Village">
      <UniqueIdentifier>{8a5228af-b772-4c10-b81a-d1f594f328d9}</UniqueIdentifier>
    </Filter>
    <Filter Include="Scene\5. Castle">
      <UniqueIdentifier>{3986df8b-d380-4d3e-b231-40dbb68cff73}</UniqueIdentifier>
    </Filter>
    <Filter Include="Scene\6. Final %28Boss &amp; PVP%29">
      <UniqueIdentifier>{c462c292-ea8d-4f4c-9687-a962f76608ff}</UniqueIdentifier>
    </Filter>
    <Filter Include="Shaders\Effects">
      <UniqueIdentifier>{07230c9b-ea0d-48e1-84b1-79d41a437363}</UniqueIdentifier>
    </Filter>
    <Filter Include="Effect">
      <UniqueIdentifier>{d28ddf8b-93ea-4049-8237-c109f62b1a22}</UniqueIdentifier>
    </Filter>
    <Filter Include="Effect\Base">
      <UniqueIdentifier>{312e4599-3da0-47e1-bcc1-ae2f36904399}</UniqueIdentifier>
    </Filter>
    <Filter Include="Shaders\Bloom">
      <UniqueIdentifier>{bd586a08-36ca-4310-a622-41eb7a0f8fb7}</UniqueIdentifier>
    </Filter>
    <Filter Include="Shaders\Clustered">
      <UniqueIdentifier>{6ed658f7-4ce7-4085-94d0-0e7f00c9f132}</UniqueIdentifier>
    </Filter>
    <Filter Include="Effect\Parry">
      <UniqueIdentifier>{4fc5174f-8d59-400a-9a27-1cc9bc3a477b}</UniqueIdentifier>
    </Filter>
  </ItemGroup>
</Project>