<?xml version="1.0" encoding="utf-8"?>
<Project ToolsVersion="4.0" xmlns="http://schemas.microsoft.com/developer/msbuild/2003">
  <ItemGroup>
    <Filter Include="Client">
      <UniqueIdentifier>{c667072d-a2e0-426a-8898-bfdb9975ed1b}</UniqueIdentifier>
    </Filter>
    <Filter Include="Network">
      <UniqueIdentifier>{0f19427b-dbd6-4b1d-b90e-32470b4ba6eb}</UniqueIdentifier>
    </Filter>
    <Filter Include="Test Scenario">
      <UniqueIdentifier>{0841fe3e-89d4-4ce5-b789-2edb0ca53396}</UniqueIdentifier>
    </Filter>
    <Filter Include="Utility">
      <UniqueIdentifier>{3903617b-2829-46eb-a73e-2ed14ffc6c2a}</UniqueIdentifier>
    </Filter>
    <Filter Include="Protocol">
      <UniqueIdentifier>{b16cd74b-3cb5-4605-b361-3c75647b563b}</UniqueIdentifier>
    </Filter>
    <Filter Include="Protocol\%2a.pb">
      <UniqueIdentifier>{f4bdb2a8-793b-487d-b150-20f42c25d4b3}</UniqueIdentifier>
    </Filter>
  </ItemGroup>
  <ItemGroup>
    <ClCompile Include="Client.cpp">
      <Filter>Client</Filter>
    </ClCompile>
    <ClCompile Include="Service.cpp">
      <Filter>Network</Filter>
    </ClCompile>
    <ClCompile Include="ExpOver.cpp">
      <Filter>Network</Filter>
    </ClCompile>
    <ClCompile Include="IocpCore.cpp">
      <Filter>Network</Filter>
    </ClCompile>
    <ClCompile Include="RecvBuffer.cpp">
      <Filter>Utility</Filter>
    </ClCompile>
    <ClCompile Include="Scenario.cpp">
      <Filter>Test Scenario</Filter>
    </ClCompile>
    <ClCompile Include="main.cpp" />
    <ClCompile Include="ClientManager.cpp">
      <Filter>Client</Filter>
    </ClCompile>
    <ClCompile Include="..\..\Graduation Project Server\Graduation Project ServerCore\PacketFactory.cpp">
      <Filter>Protocol</Filter>
    </ClCompile>
    <ClCompile Include="..\..\Graduation Project Server\Graduation Project ServerCore\Protocols\Enum.pb.cc">
      <Filter>Protocol\%2a.pb</Filter>
    </ClCompile>
    <ClCompile Include="..\..\Graduation Project Server\Graduation Project ServerCore\Protocols\Protocol.pb.cc">
      <Filter>Protocol\%2a.pb</Filter>
    </ClCompile>
    <ClCompile Include="..\..\Graduation Project Server\Graduation Project ServerCore\Protocols\Struct.pb.cc">
      <Filter>Protocol\%2a.pb</Filter>
    </ClCompile>
    <ClCompile Include="Visualizer.cpp" />
  </ItemGroup>
  <ItemGroup>
    <ClInclude Include="Client.h">
      <Filter>Client</Filter>
    </ClInclude>
    <ClInclude Include="vec3.h">
      <Filter>Utility</Filter>
    </ClInclude>
    <ClInclude Include="Service.h">
      <Filter>Network</Filter>
    </ClInclude>
    <ClInclude Include="ExpOver.h">
      <Filter>Network</Filter>
    </ClInclude>
    <ClInclude Include="IocpCore.h">
      <Filter>Network</Filter>
    </ClInclude>
    <ClInclude Include="RecvBuffer.h">
      <Filter>Utility</Filter>
    </ClInclude>
    <ClInclude Include="Scenario.h">
      <Filter>Test Scenario</Filter>
    </ClInclude>
    <ClInclude Include="ClientManager.h">
      <Filter>Client</Filter>
    </ClInclude>
    <ClInclude Include="..\..\Graduation Project Server\Graduation Project ServerCore\PacketFactory.h">
      <Filter>Protocol</Filter>
    </ClInclude>
    <ClInclude Include="..\..\Graduation Project Server\Graduation Project ServerCore\Protocols\Enum.pb.h">
      <Filter>Protocol\%2a.pb</Filter>
    </ClInclude>
    <ClInclude Include="..\..\Graduation Project Server\Graduation Project ServerCore\Protocols\Protocol.pb.h">
      <Filter>Protocol\%2a.pb</Filter>
    </ClInclude>
    <ClInclude Include="..\..\Graduation Project Server\Graduation Project ServerCore\Protocols\Struct.pb.h">
      <Filter>Protocol\%2a.pb</Filter>
    </ClInclude>
    <ClInclude Include="Visualizer.h" />
  </ItemGroup>
</Project>