<?xml version="1.0" encoding="utf-8"?>
<Project ToolsVersion="4.0" xmlns="http://schemas.microsoft.com/developer/msbuild/2003">
  <ItemGroup>
    <ClCompile Include="main.cpp" />
    <ClCompile Include="Client.cpp">
      <Filter>Network\Client</Filter>
    </ClCompile>
    <ClCompile Include="ClientManager.cpp">
      <Filter>Network\Client</Filter>
    </ClCompile>
    <ClCompile Include="ExpOver.cpp">
      <Filter>Network</Filter>
    </ClCompile>
    <ClCompile Include="IocpCore.cpp">
      <Filter>Network</Filter>
    </ClCompile>
    <ClCompile Include="Service.cpp">
      <Filter>Network</Filter>
    </ClCompile>
    <ClCompile Include="pch.cpp">
      <Filter>Utility</Filter>
    </ClCompile>
    <ClCompile Include="RecvBuffer.cpp">
      <Filter>Utility</Filter>
    </ClCompile>
    <ClCompile Include="Visualizer.cpp">
      <Filter>Visualizer</Filter>
    </ClCompile>
    <ClCompile Include="..\..\ProtocolLib\ProtocolLib\Protocols\Protocol.pb.cc">
      <Filter>Network\Protocol</Filter>
    </ClCompile>
    <ClCompile Include="Scenario.cpp">
      <Filter>Scenario</Filter>
    </ClCompile>
  </ItemGroup>
  <ItemGroup>
    <ClInclude Include="Client.h">
      <Filter>Network\Client</Filter>
    </ClInclude>
    <ClInclude Include="ClientManager.h">
      <Filter>Network\Client</Filter>
    </ClInclude>
    <ClInclude Include="ExpOver.h">
      <Filter>Network</Filter>
    </ClInclude>
    <ClInclude Include="IocpCore.h">
      <Filter>Network</Filter>
    </ClInclude>
    <ClInclude Include="Service.h">
      <Filter>Network</Filter>
    </ClInclude>
    <ClInclude Include="pch.h">
      <Filter>Utility</Filter>
    </ClInclude>
    <ClInclude Include="RecvBuffer.h">
      <Filter>Utility</Filter>
    </ClInclude>
    <ClInclude Include="vec3.h">
      <Filter>Utility</Filter>
    </ClInclude>
    <ClInclude Include="Visualizer.h">
      <Filter>Visualizer</Filter>
    </ClInclude>
    <ClInclude Include="..\..\ProtocolLib\ProtocolLib\Protocols\Protocol.pb.h">
      <Filter>Network\Protocol</Filter>
    </ClInclude>
    <ClInclude Include="Scenario.h">
      <Filter>Scenario</Filter>
    </ClInclude>
  </ItemGroup>
  <ItemGroup>
    <Filter Include="Network">
      <UniqueIdentifier>{7902f563-9f80-45bb-ae05-7ec437e2905d}</UniqueIdentifier>
    </Filter>
    <Filter Include="Network\Client">
      <UniqueIdentifier>{d69505bc-b399-4242-be00-1cfe7861894d}</UniqueIdentifier>
    </Filter>
    <Filter Include="Utility">
      <UniqueIdentifier>{bfa6a008-1bb5-42a6-9564-ceacf4be0f70}</UniqueIdentifier>
    </Filter>
    <Filter Include="Visualizer">
      <UniqueIdentifier>{ada98676-091e-40dd-b452-104a73f459f0}</UniqueIdentifier>
    </Filter>
    <Filter Include="Scenario">
      <UniqueIdentifier>{a1498a28-52ab-4a40-887d-ddc6011548fe}</UniqueIdentifier>
    </Filter>
    <Filter Include="Network\Protocol">
      <UniqueIdentifier>{807b30ba-8b94-4838-b825-02d6725431f3}</UniqueIdentifier>
    </Filter>
  </ItemGroup>
</Project>