<?xml version="1.0" encoding="utf-8"?>
<Project ToolsVersion="4.0" xmlns="http://schemas.microsoft.com/developer/msbuild/2003">
  <ItemGroup>
    <ClCompile Include="pch.cpp" />
    <ClCompile Include="EntityManager.cpp">
      <Filter>ECS\Entity</Filter>
    </ClCompile>
    <ClCompile Include="SystemManager.cpp">
      <Filter>ECS\System</Filter>
    </ClCompile>
    <ClCompile Include="ECS.cpp">
      <Filter>ECS\Core</Filter>
    </ClCompile>
    <ClCompile Include="StorageRegistry.cpp">
      <Filter>ECS\Utility</Filter>
    </ClCompile>
    <ClCompile Include="NetIdAllocator.cpp">
      <Filter>Network</Filter>
    </ClCompile>
    <ClCompile Include="NetIdRegistry.cpp">
      <Filter>Network</Filter>
    </ClCompile>
  </ItemGroup>
  <ItemGroup>
    <ClInclude Include="pch.h" />
    <ClInclude Include="Entity.h">
      <Filter>ECS\Entity</Filter>
    </ClInclude>
    <ClInclude Include="EntityManager.h">
      <Filter>ECS\Entity</Filter>
    </ClInclude>
    <ClInclude Include="Component.h">
      <Filter>ECS\Component</Filter>
    </ClInclude>
    <ClInclude Include="ComponentStorage.h">
      <Filter>ECS\Component</Filter>
    </ClInclude>
    <ClInclude Include="SystemManager.h">
      <Filter>ECS\System</Filter>
    </ClInclude>
    <ClInclude Include="ECS.h">
      <Filter>ECS\Core</Filter>
    </ClInclude>
    <ClInclude Include="BasicView.h">
      <Filter>ECS\Utility</Filter>
    </ClInclude>
    <ClInclude Include="StorageRegistry.h">
      <Filter>ECS\Utility</Filter>
    </ClInclude>
    <ClInclude Include="WITH_Server_Framework.h" />
    <ClInclude Include="System.h">
      <Filter>ECS\System</Filter>
    </ClInclude>
    <ClInclude Include="NetIdAllocator.h">
      <Filter>Network</Filter>
    </ClInclude>
    <ClInclude Include="NetIdRegistry.h">
      <Filter>Network</Filter>
    </ClInclude>
  </ItemGroup>
  <ItemGroup>
    <Filter Include="ECS">
      <UniqueIdentifier>{e0ee2551-186e-43f0-b511-389968092128}</UniqueIdentifier>
    </Filter>
    <Filter Include="ECS\Entity">
      <UniqueIdentifier>{2e433175-59b9-42ea-ab13-5aada61ea10d}</UniqueIdentifier>
    </Filter>
    <Filter Include="ECS\Component">
      <UniqueIdentifier>{81a775e9-c598-4f57-bf90-3ed16fa19e9d}</UniqueIdentifier>
    </Filter>
    <Filter Include="ECS\System">
      <UniqueIdentifier>{d16764a6-dfb5-40da-b480-641f5d7d9c80}</UniqueIdentifier>
    </Filter>
    <Filter Include="ECS\Core">
      <UniqueIdentifier>{371696c9-58d4-4dec-a169-0e96fffb7da6}</UniqueIdentifier>
    </Filter>
    <Filter Include="ECS\Utility">
      <UniqueIdentifier>{9eb60b08-f38c-4149-863c-6dd836af2240}</UniqueIdentifier>
    </Filter>
    <Filter Include="Network">
      <UniqueIdentifier>{7e7ec8d2-891a-47c5-83ee-fa96488183e3}</UniqueIdentifier>
    </Filter>
  </ItemGroup>
</Project>