<?xml version="1.0" encoding="utf-8"?>
<Project ToolsVersion="4.0" xmlns="http://schemas.microsoft.com/developer/msbuild/2003">
  <ItemGroup>
    <ClCompile Include="EntityManager.cpp">
      <Filter>ECS\Entity</Filter>
    </ClCompile>
    <ClCompile Include="ECS.cpp">
      <Filter>ECS\Core</Filter>
    </ClCompile>
    <ClCompile Include="StorageRegistry.cpp">
      <Filter>ECS\Utility</Filter>
    </ClCompile>
    <ClCompile Include="NetIdAllocator.cpp">
      <Filter>Network</Filter>
    </ClCompile>
    <ClCompile Include="NetIdRegistry.cpp">
      <Filter>Network</Filter>
    </ClCompile>
    <ClCompile Include="World.cpp">
      <Filter>Game\World\Core</Filter>
    </ClCompile>
    <ClCompile Include="WorldIdAllocator.cpp">
      <Filter>Game\World\Core</Filter>
    </ClCompile>
    <ClCompile Include="WorldRegistry.cpp">
      <Filter>Game\World\Manager</Filter>
    </ClCompile>
    <ClCompile Include="WorldScheduler.cpp">
      <Filter>Game\World\Manager</Filter>
    </ClCompile>
    <ClCompile Include="JobGraph.cpp">
      <Filter>JobGraph</Filter>
    </ClCompile>
    <ClCompile Include="ThreadPool.cpp">
      <Filter>JobGraph</Filter>
    </ClCompile>
    <ClCompile Include="Job.cpp">
      <Filter>JobGraph</Filter>
    </ClCompile>
    <ClCompile Include="WorldRuntime.cpp">
      <Filter>Game\World\Core</Filter>
    </ClCompile>
    <ClCompile Include="pch.cpp">
      <Filter>Utility</Filter>
    </ClCompile>
    <ClCompile Include="WorldLeapManager.cpp">
      <Filter>Game\World\Manager\WorldLeap</Filter>
    </ClCompile>
    <ClCompile Include="WorldService.cpp">
      <Filter>Game\World\Core</Filter>
    </ClCompile>
    <ClCompile Include="SystemManager.cpp">
      <Filter>ECS\System\Core</Filter>
    </ClCompile>
    <ClCompile Include="SystemScheduler.cpp">
      <Filter>ECS\System\Core</Filter>
    </ClCompile>
    <ClCompile Include="CommandBuffer.cpp">
      <Filter>ECS\Utility</Filter>
    </ClCompile>
    <ClCompile Include="WorldBuilder.cpp">
      <Filter>Game\World\Utility</Filter>
    </ClCompile>
  </ItemGroup>
  <ItemGroup>
    <ClInclude Include="Entity.h">
      <Filter>ECS\Entity</Filter>
    </ClInclude>
    <ClInclude Include="EntityManager.h">
      <Filter>ECS\Entity</Filter>
    </ClInclude>
    <ClInclude Include="Component.h">
      <Filter>ECS\Component</Filter>
    </ClInclude>
    <ClInclude Include="ComponentStorage.h">
      <Filter>ECS\Component</Filter>
    </ClInclude>
    <ClInclude Include="ECS.h">
      <Filter>ECS\Core</Filter>
    </ClInclude>
    <ClInclude Include="BasicView.h">
      <Filter>ECS\Utility</Filter>
    </ClInclude>
    <ClInclude Include="StorageRegistry.h">
      <Filter>ECS\Utility</Filter>
    </ClInclude>
    <ClInclude Include="NetIdAllocator.h">
      <Filter>Network</Filter>
    </ClInclude>
    <ClInclude Include="NetIdRegistry.h">
      <Filter>Network</Filter>
    </ClInclude>
    <ClInclude Include="EventQueue.h">
      <Filter>Game\Event</Filter>
    </ClInclude>
    <ClInclude Include="EventRegistry.h">
      <Filter>Game\Event</Filter>
    </ClInclude>
    <ClInclude Include="World.h">
      <Filter>Game\World\Core</Filter>
    </ClInclude>
    <ClInclude Include="WorldId.h">
      <Filter>Game\World\Core</Filter>
    </ClInclude>
    <ClInclude Include="WorldIdAllocator.h">
      <Filter>Game\World\Core</Filter>
    </ClInclude>
    <ClInclude Include="WorldRegistry.h">
      <Filter>Game\World\Manager</Filter>
    </ClInclude>
    <ClInclude Include="WorldScheduler.h">
      <Filter>Game\World\Manager</Filter>
    </ClInclude>
    <ClInclude Include="WorldDesc.h">
      <Filter>Game\World\Parameter</Filter>
    </ClInclude>
    <ClInclude Include="WorldConfig.h">
      <Filter>Game\World\Parameter</Filter>
    </ClInclude>
    <ClInclude Include="Job.h">
      <Filter>JobGraph</Filter>
    </ClInclude>
    <ClInclude Include="JobGraph.h">
      <Filter>JobGraph</Filter>
    </ClInclude>
    <ClInclude Include="ThreadPool.h">
      <Filter>JobGraph</Filter>
    </ClInclude>
    <ClInclude Include="WorldFactory.h">
      <Filter>Game\World\Manager</Filter>
    </ClInclude>
    <ClInclude Include="WorldRuntime.h">
      <Filter>Game\World\Core</Filter>
    </ClInclude>
    <ClInclude Include="RepComponent.h">
      <Filter>ECS\Component</Filter>
    </ClInclude>
    <ClInclude Include="pch.h">
      <Filter>Utility</Filter>
    </ClInclude>
    <ClInclude Include="WITH_Server_Framework.h">
      <Filter>Utility</Filter>
    </ClInclude>
    <ClInclude Include="WorldLeapManager.h">
      <Filter>Game\World\Manager\WorldLeap</Filter>
    </ClInclude>
    <ClInclude Include="WorldLeapData.h">
      <Filter>Game\World\Manager\WorldLeap</Filter>
    </ClInclude>
    <ClInclude Include="WorldService.h">
      <Filter>Game\World\Core</Filter>
    </ClInclude>
    <ClInclude Include="PlayerSnapshot.h">
      <Filter>Game\World\Parameter</Filter>
    </ClInclude>
    <ClInclude Include="SystemMeta.h">
      <Filter>ECS\System\Metadata</Filter>
    </ClInclude>
    <ClInclude Include="System.h">
      <Filter>ECS\System\Core</Filter>
    </ClInclude>
    <ClInclude Include="SystemManager.h">
      <Filter>ECS\System\Core</Filter>
    </ClInclude>
    <ClInclude Include="SystemMetaHelper.h">
      <Filter>ECS\System\Metadata</Filter>
    </ClInclude>
    <ClInclude Include="SystemMetaStorage.h">
      <Filter>ECS\System\Metadata</Filter>
    </ClInclude>
    <ClInclude Include="SystemScheduler.h">
      <Filter>ECS\System\Core</Filter>
    </ClInclude>
    <ClInclude Include="CommandBuffer.h">
      <Filter>ECS\Utility</Filter>
    </ClInclude>
    <ClInclude Include="ViewFwd.h">
      <Filter>ECS\Utility</Filter>
    </ClInclude>
    <ClInclude Include="WorldBuilder.h">
      <Filter>Game\World\Utility</Filter>
    </ClInclude>
  </ItemGroup>
  <ItemGroup>
    <Filter Include="ECS">
      <UniqueIdentifier>{e0ee2551-186e-43f0-b511-389968092128}</UniqueIdentifier>
    </Filter>
    <Filter Include="ECS\Entity">
      <UniqueIdentifier>{2e433175-59b9-42ea-ab13-5aada61ea10d}</UniqueIdentifier>
    </Filter>
    <Filter Include="ECS\Component">
      <UniqueIdentifier>{81a775e9-c598-4f57-bf90-3ed16fa19e9d}</UniqueIdentifier>
    </Filter>
    <Filter Include="ECS\System">
      <UniqueIdentifier>{d16764a6-dfb5-40da-b480-641f5d7d9c80}</UniqueIdentifier>
    </Filter>
    <Filter Include="ECS\Core">
      <UniqueIdentifier>{371696c9-58d4-4dec-a169-0e96fffb7da6}</UniqueIdentifier>
    </Filter>
    <Filter Include="ECS\Utility">
      <UniqueIdentifier>{9eb60b08-f38c-4149-863c-6dd836af2240}</UniqueIdentifier>
    </Filter>
    <Filter Include="Network">
      <UniqueIdentifier>{7e7ec8d2-891a-47c5-83ee-fa96488183e3}</UniqueIdentifier>
    </Filter>
    <Filter Include="Game">
      <UniqueIdentifier>{445d764b-606f-41a0-b75f-553ba3fd0767}</UniqueIdentifier>
    </Filter>
    <Filter Include="Game\Event">
      <UniqueIdentifier>{fa67a4c0-e67c-4f90-8196-5908953c743f}</UniqueIdentifier>
    </Filter>
    <Filter Include="Game\World">
      <UniqueIdentifier>{a81af5f6-72ae-4ae8-bc4b-aabbb8f04c52}</UniqueIdentifier>
    </Filter>
    <Filter Include="Game\World\Manager">
      <UniqueIdentifier>{f9aa007d-7d08-47cf-bcba-0abaab167169}</UniqueIdentifier>
    </Filter>
    <Filter Include="Game\World\Parameter">
      <UniqueIdentifier>{fdf5e158-a6fe-4eca-846a-c0a5568daff2}</UniqueIdentifier>
    </Filter>
    <Filter Include="Game\World\Core">
      <UniqueIdentifier>{0a4f98f4-01b3-4e9b-a3d1-85fd1a4064fd}</UniqueIdentifier>
    </Filter>
    <Filter Include="JobGraph">
      <UniqueIdentifier>{20f28bfd-9995-4570-913a-aecb95f4fae9}</UniqueIdentifier>
    </Filter>
    <Filter Include="Utility">
      <UniqueIdentifier>{6df8462f-88f4-4f0d-a3f4-882035ffcb3a}</UniqueIdentifier>
    </Filter>
    <Filter Include="Game\World\Manager\WorldLeap">
      <UniqueIdentifier>{bc05f686-6dde-4e5f-afd4-334f1c774064}</UniqueIdentifier>
    </Filter>
    <Filter Include="ECS\System\Metadata">
      <UniqueIdentifier>{18ee01d1-aa2b-48c2-a030-ceee4d9573cb}</UniqueIdentifier>
    </Filter>
    <Filter Include="ECS\System\Core">
      <UniqueIdentifier>{ddb1dc91-f93a-410b-a4ef-31216d9ef68c}</UniqueIdentifier>
    </Filter>
    <Filter Include="Game\World\Utility">
      <UniqueIdentifier>{bcad29e1-e0b9-46d1-889d-ce5716ce16cb}</UniqueIdentifier>
    </Filter>
  </ItemGroup>
</Project>