<?xml version="1.0" encoding="utf-8"?>
<Project ToolsVersion="4.0" xmlns="http://schemas.microsoft.com/developer/msbuild/2003">
  <ItemGroup>
    <ClCompile Include="EntityManager.cpp">
      <Filter>ECS\Entity</Filter>
    </ClCompile>
    <ClCompile Include="ECS.cpp">
      <Filter>ECS\Core</Filter>
    </ClCompile>
    <ClCompile Include="StorageRegistry.cpp">
      <Filter>ECS\Utility</Filter>
    </ClCompile>
    <ClCompile Include="NetIdAllocator.cpp">
      <Filter>Network</Filter>
    </ClCompile>
    <ClCompile Include="NetIdRegistry.cpp">
      <Filter>Network</Filter>
    </ClCompile>
    <ClCompile Include="JobGraph.cpp">
      <Filter>JobGraph</Filter>
    </ClCompile>
    <ClCompile Include="ThreadPool.cpp">
      <Filter>JobGraph</Filter>
    </ClCompile>
    <ClCompile Include="Job.cpp">
      <Filter>JobGraph</Filter>
    </ClCompile>
    <ClCompile Include="pch.cpp">
      <Filter>Utility</Filter>
    </ClCompile>
    <ClCompile Include="SystemManager.cpp">
      <Filter>ECS\System\Core</Filter>
    </ClCompile>
    <ClCompile Include="SystemScheduler.cpp">
      <Filter>ECS\System\Core</Filter>
    </ClCompile>
    <ClCompile Include="CommandBuffer.cpp">
      <Filter>ECS\Utility</Filter>
    </ClCompile>
    <ClCompile Include="WorldRuntime.cpp">
      <Filter>Game\World\02_Runtime</Filter>
    </ClCompile>
    <ClCompile Include="WorldBuilder.cpp">
      <Filter>Game\World\02_Runtime</Filter>
    </ClCompile>
    <ClCompile Include="WorldRegistry.cpp">
      <Filter>Game\World\04_Management</Filter>
    </ClCompile>
    <ClCompile Include="WorldIdAllocator.cpp">
      <Filter>Game\World\00_Common</Filter>
    </ClCompile>
  </ItemGroup>
  <ItemGroup>
    <ClInclude Include="Entity.h">
      <Filter>ECS\Entity</Filter>
    </ClInclude>
    <ClInclude Include="EntityManager.h">
      <Filter>ECS\Entity</Filter>
    </ClInclude>
    <ClInclude Include="Component.h">
      <Filter>ECS\Component</Filter>
    </ClInclude>
    <ClInclude Include="ComponentStorage.h">
      <Filter>ECS\Component</Filter>
    </ClInclude>
    <ClInclude Include="ECS.h">
      <Filter>ECS\Core</Filter>
    </ClInclude>
    <ClInclude Include="BasicView.h">
      <Filter>ECS\Utility</Filter>
    </ClInclude>
    <ClInclude Include="StorageRegistry.h">
      <Filter>ECS\Utility</Filter>
    </ClInclude>
    <ClInclude Include="NetIdAllocator.h">
      <Filter>Network</Filter>
    </ClInclude>
    <ClInclude Include="NetIdRegistry.h">
      <Filter>Network</Filter>
    </ClInclude>
    <ClInclude Include="EventQueue.h">
      <Filter>Game\Event</Filter>
    </ClInclude>
    <ClInclude Include="EventRegistry.h">
      <Filter>Game\Event</Filter>
    </ClInclude>
    <ClInclude Include="Job.h">
      <Filter>JobGraph</Filter>
    </ClInclude>
    <ClInclude Include="JobGraph.h">
      <Filter>JobGraph</Filter>
    </ClInclude>
    <ClInclude Include="ThreadPool.h">
      <Filter>JobGraph</Filter>
    </ClInclude>
    <ClInclude Include="RepComponent.h">
      <Filter>ECS\Component</Filter>
    </ClInclude>
    <ClInclude Include="pch.h">
      <Filter>Utility</Filter>
    </ClInclude>
    <ClInclude Include="WITH_Server_Framework.h">
      <Filter>Utility</Filter>
    </ClInclude>
    <ClInclude Include="SystemMeta.h">
      <Filter>ECS\System\Metadata</Filter>
    </ClInclude>
    <ClInclude Include="System.h">
      <Filter>ECS\System\Core</Filter>
    </ClInclude>
    <ClInclude Include="SystemManager.h">
      <Filter>ECS\System\Core</Filter>
    </ClInclude>
    <ClInclude Include="SystemMetaHelper.h">
      <Filter>ECS\System\Metadata</Filter>
    </ClInclude>
    <ClInclude Include="SystemMetaStorage.h">
      <Filter>ECS\System\Metadata</Filter>
    </ClInclude>
    <ClInclude Include="SystemScheduler.h">
      <Filter>ECS\System\Core</Filter>
    </ClInclude>
    <ClInclude Include="CommandBuffer.h">
      <Filter>ECS\Utility</Filter>
    </ClInclude>
    <ClInclude Include="ViewFwd.h">
      <Filter>ECS\Utility</Filter>
    </ClInclude>
    <ClInclude Include="WorldLifecycleEnums.h">
      <Filter>Game\World\00_Common</Filter>
    </ClInclude>
    <ClInclude Include="WorldRuntime.h">
      <Filter>Game\World\02_Runtime</Filter>
    </ClInclude>
    <ClInclude Include="WorldBuilder.h">
      <Filter>Game\World\02_Runtime</Filter>
    </ClInclude>
    <ClInclude Include="WorldFactory.h">
      <Filter>Game\World\08_Bootstrap</Filter>
    </ClInclude>
    <ClInclude Include="WorldRegistry.h">
      <Filter>Game\World\04_Management</Filter>
    </ClInclude>
    <ClInclude Include="WorldId.h">
      <Filter>Game\World\00_Common</Filter>
    </ClInclude>
    <ClInclude Include="WorldIdAllocator.h">
      <Filter>Game\World\00_Common</Filter>
    </ClInclude>
    <ClInclude Include="WorldInstanceRecord.h">
      <Filter>Game\World\04_Management</Filter>
    </ClInclude>
    <ClInclude Include="WorldDef.h">
      <Filter>Game\World\00_Common</Filter>
    </ClInclude>
    <ClInclude Include="AdmissionTypes.h">
      <Filter>Game\World\05_Admission</Filter>
    </ClInclude>
    <ClInclude Include="WorldTargetSpec.h">
      <Filter>Game\World\06_Transfer</Filter>
    </ClInclude>
    <ClInclude Include="WorldTransferRequest.h">
      <Filter>Game\World\06_Transfer</Filter>
    </ClInclude>
    <ClInclude Include="WorldTransferTxn.h">
      <Filter>Game\World\06_Transfer</Filter>
    </ClInclude>
    <ClInclude Include="WorldManager.h">
      <Filter>Game\World\04_Management</Filter>
    </ClInclude>
    <ClInclude Include="WorldContentIds.h">
      <Filter>Game\World\00_Common</Filter>
    </ClInclude>
  </ItemGroup>
  <ItemGroup>
    <Filter Include="ECS">
      <UniqueIdentifier>{e0ee2551-186e-43f0-b511-389968092128}</UniqueIdentifier>
    </Filter>
    <Filter Include="ECS\Entity">
      <UniqueIdentifier>{2e433175-59b9-42ea-ab13-5aada61ea10d}</UniqueIdentifier>
    </Filter>
    <Filter Include="ECS\Component">
      <UniqueIdentifier>{81a775e9-c598-4f57-bf90-3ed16fa19e9d}</UniqueIdentifier>
    </Filter>
    <Filter Include="ECS\System">
      <UniqueIdentifier>{d16764a6-dfb5-40da-b480-641f5d7d9c80}</UniqueIdentifier>
    </Filter>
    <Filter Include="ECS\Core">
      <UniqueIdentifier>{371696c9-58d4-4dec-a169-0e96fffb7da6}</UniqueIdentifier>
    </Filter>
    <Filter Include="ECS\Utility">
      <UniqueIdentifier>{9eb60b08-f38c-4149-863c-6dd836af2240}</UniqueIdentifier>
    </Filter>
    <Filter Include="Network">
      <UniqueIdentifier>{7e7ec8d2-891a-47c5-83ee-fa96488183e3}</UniqueIdentifier>
    </Filter>
    <Filter Include="Game">
      <UniqueIdentifier>{445d764b-606f-41a0-b75f-553ba3fd0767}</UniqueIdentifier>
    </Filter>
    <Filter Include="Game\Event">
      <UniqueIdentifier>{fa67a4c0-e67c-4f90-8196-5908953c743f}</UniqueIdentifier>
    </Filter>
    <Filter Include="Game\World">
      <UniqueIdentifier>{a81af5f6-72ae-4ae8-bc4b-aabbb8f04c52}</UniqueIdentifier>
    </Filter>
    <Filter Include="JobGraph">
      <UniqueIdentifier>{20f28bfd-9995-4570-913a-aecb95f4fae9}</UniqueIdentifier>
    </Filter>
    <Filter Include="Utility">
      <UniqueIdentifier>{6df8462f-88f4-4f0d-a3f4-882035ffcb3a}</UniqueIdentifier>
    </Filter>
    <Filter Include="ECS\System\Metadata">
      <UniqueIdentifier>{18ee01d1-aa2b-48c2-a030-ceee4d9573cb}</UniqueIdentifier>
    </Filter>
    <Filter Include="ECS\System\Core">
      <UniqueIdentifier>{ddb1dc91-f93a-410b-a4ef-31216d9ef68c}</UniqueIdentifier>
    </Filter>
    <Filter Include="Game\World\00_Common">
      <UniqueIdentifier>{3336e0dc-12e7-4dd2-8e20-29a980beb473}</UniqueIdentifier>
    </Filter>
    <Filter Include="Game\World\01_Definition">
      <UniqueIdentifier>{0a228783-608a-4632-920e-79f94050df2a}</UniqueIdentifier>
    </Filter>
    <Filter Include="Game\World\02_Runtime">
      <UniqueIdentifier>{4bdbb86b-7547-44dd-9408-414946d005e8}</UniqueIdentifier>
    </Filter>
    <Filter Include="Game\World\03_Instance">
      <UniqueIdentifier>{8e70feda-924f-4c1a-8bbd-143ea2e21a36}</UniqueIdentifier>
    </Filter>
    <Filter Include="Game\World\04_Management">
      <UniqueIdentifier>{f5475f71-2649-45e9-9b9f-814c03eebcad}</UniqueIdentifier>
    </Filter>
    <Filter Include="Game\World\05_Admission">
      <UniqueIdentifier>{2fdf79ee-cffa-4522-b89e-68c275c65c26}</UniqueIdentifier>
    </Filter>
    <Filter Include="Game\World\06_Transfer">
      <UniqueIdentifier>{63f3cbaf-f74b-4e5d-ba0a-7a0c1044fe09}</UniqueIdentifier>
    </Filter>
    <Filter Include="Game\World\07_Scheduling">
      <UniqueIdentifier>{fd4332c5-7cd4-4a19-ab9d-a2eb1a70739c}</UniqueIdentifier>
    </Filter>
    <Filter Include="Game\World\08_Bootstrap">
      <UniqueIdentifier>{b7305ae5-2079-44a5-bb70-5fc6375555cd}</UniqueIdentifier>
    </Filter>
  </ItemGroup>
  <ItemGroup>
    <Text Include="World 구조 재설계.txt">
      <Filter>Game\World</Filter>
    </Text>
  </ItemGroup>
</Project>