
Microsoft Visual Studio Solution File, Format Version 12.00
# Visual Studio Version 17
VisualStudioVersion = 17.13.35806.99
MinimumVisualStudioVersion = 10.0.40219.1
Project("{8BC9CEB8-8B4A-11D0-8D11-00A0C91BC942}") = "server", "server\server.vcxproj", "{B6A164F5-E39E-4A42-9C90-9669629C5A37}"
EndProject
Project("{8BC9CEB8-8B4A-11D0-8D11-00A0C91BC942}") = "client", "client\client.vcxproj", "{51EC3688-D373-484C-83B3-70C4F74C8162}"
EndProject
Global
	GlobalSection(SolutionConfigurationPlatforms) = preSolution
		Debug|x64 = Debug|x64
		Debug|x86 = Debug|x86
		Release|x64 = Release|x64
		Release|x86 = Release|x86
	EndGlobalSection
	GlobalSection(ProjectConfigurationPlatforms) = postSolution
		{B6A164F5-E39E-4A42-9C90-9669629C5A37}.Debug|x64.ActiveCfg = Debug|x64
		{B6A164F5-E39E-4A42-9C90-9669629C5A37}.Debug|x64.Build.0 = Debug|x64
		{B6A164F5-E39E-4A42-9C90-9669629C5A37}.Debug|x86.ActiveCfg = Debug|Win32
		{B6A164F5-E39E-4A42-9C90-9669629C5A37}.Debug|x86.Build.0 = Debug|Win32
		{B6A164F5-E39E-4A42-9C90-9669629C5A37}.Release|x64.ActiveCfg = Release|x64
		{B6A164F5-E39E-4A42-9C90-9669629C5A37}.Release|x64.Build.0 = Release|x64
		{B6A164F5-E39E-4A42-9C90-9669629C5A37}.Release|x86.ActiveCfg = Release|Win32
		{B6A164F5-E39E-4A42-9C90-9669629C5A37}.Release|x86.Build.0 = Release|Win32
		{51EC3688-D373-484C-83B3-70C4F74C8162}.Debug|x64.ActiveCfg = Debug|x64
		{51EC3688-D373-484C-83B3-70C4F74C8162}.Debug|x64.Build.0 = Debug|x64
		{51EC3688-D373-484C-83B3-70C4F74C8162}.Debug|x86.ActiveCfg = Debug|Win32
		{51EC3688-D373-484C-83B3-70C4F74C8162}.Debug|x86.Build.0 = Debug|Win32
		{51EC3688-D373-484C-83B3-70C4F74C8162}.Release|x64.ActiveCfg = Release|x64
		{51EC3688-D373-484C-83B3-70C4F74C8162}.Release|x64.Build.0 = Release|x64
		{51EC3688-D373-484C-83B3-70C4F74C8162}.Release|x86.ActiveCfg = Release|Win32
		{51EC3688-D373-484C-83B3-70C4F74C8162}.Release|x86.Build.0 = Release|Win32
	EndGlobalSection
	GlobalSection(SolutionProperties) = preSolution
		HideSolutionNode = FALSE
	EndGlobalSection
	GlobalSection(ExtensibilityGlobals) = postSolution
		SolutionGuid = {C17EBC07-2112-4DF6-BA6B-75F78008D9F4}
	EndGlobalSection
EndGlobal
