<?xml version="1.0" encoding="utf-8"?>
<Project ToolsVersion="4.0" xmlns="http://schemas.microsoft.com/developer/msbuild/2003">
  <ItemGroup>
    <Filter Include="Engine">
      <UniqueIdentifier>{c39db264-49e4-4fff-8fe7-bb2c120f1601}</UniqueIdentifier>
    </Filter>
    <Filter Include="Utils">
      <UniqueIdentifier>{8dcc1676-93fc-4085-8a57-380c1158ecfc}</UniqueIdentifier>
    </Filter>
    <Filter Include="Window">
      <UniqueIdentifier>{358b0f80-442d-4cce-8edf-dad79d00de9d}</UniqueIdentifier>
    </Filter>
    <Filter Include="Input">
      <UniqueIdentifier>{4854a83d-1d06-4c3a-bd30-d790c3393c91}</UniqueIdentifier>
    </Filter>
    <Filter Include="Object">
      <UniqueIdentifier>{087f9cd6-fa7a-4955-8c3c-91fd7bf9ef4d}</UniqueIdentifier>
    </Filter>
    <Filter Include="Character">
      <UniqueIdentifier>{18b323c0-1c3b-4bd1-8cbe-5d4366aa60f9}</UniqueIdentifier>
    </Filter>
    <Filter Include="Animation">
      <UniqueIdentifier>{6204d328-0518-4bfc-ad29-a6feaf13b2fe}</UniqueIdentifier>
    </Filter>
    <Filter Include="Manager">
      <UniqueIdentifier>{05dbd5c6-99e5-4a5c-988f-803a9b9a47f9}</UniqueIdentifier>
    </Filter>
    <Filter Include="Shadow">
      <UniqueIdentifier>{266bf901-df9a-485b-a70a-1bbba37b3767}</UniqueIdentifier>
    </Filter>
  </ItemGroup>
  <ItemGroup>
    <ClInclude Include="pch.h">
      <Filter>Utils</Filter>
    </ClInclude>
    <ClInclude Include="EnginePch.h">
      <Filter>Utils</Filter>
    </ClInclude>
    <ClInclude Include="Engine.h">
      <Filter>Engine</Filter>
    </ClInclude>
    <ClInclude Include="WindowInfo.h">
      <Filter>Window</Filter>
    </ClInclude>
    <ClInclude Include="Input.h">
      <Filter>Input</Filter>
    </ClInclude>
    <ClInclude Include="Timer.h">
      <Filter>Utils</Filter>
    </ClInclude>
    <ClInclude Include="Skybox.h">
      <Filter>Object</Filter>
    </ClInclude>
    <ClInclude Include="stb_image.h">
      <Filter>Utils</Filter>
    </ClInclude>
    <ClInclude Include="Camera.h">
      <Filter>Object</Filter>
    </ClInclude>
    <ClInclude Include="MainCharacter.h">
      <Filter>Character</Filter>
    </ClInclude>
    <ClInclude Include="AnimatedModel.h">
      <Filter>Animation</Filter>
    </ClInclude>
    <ClInclude Include="StaticObject.h">
      <Filter>Object</Filter>
    </ClInclude>
    <ClInclude Include="StaticObjectManager.h">
      <Filter>Manager</Filter>
    </ClInclude>
    <ClInclude Include="ShadowMapping.h">
      <Filter>Shadow</Filter>
    </ClInclude>
    <ClInclude Include="Enemy.h">
      <Filter>Character</Filter>
    </ClInclude>
    <ClInclude Include="Bullet.h">
      <Filter>Object</Filter>
    </ClInclude>
    <ClInclude Include="GraphicsManager.h">
      <Filter>Manager</Filter>
    </ClInclude>
  </ItemGroup>
  <ItemGroup>
    <ClCompile Include="pch.cpp">
      <Filter>Utils</Filter>
    </ClCompile>
    <ClCompile Include="EnginePch.cpp">
      <Filter>Utils</Filter>
    </ClCompile>
    <ClCompile Include="Engine.cpp">
      <Filter>Engine</Filter>
    </ClCompile>
    <ClCompile Include="WindowInfo.cpp">
      <Filter>Window</Filter>
    </ClCompile>
    <ClCompile Include="Input.cpp">
      <Filter>Input</Filter>
    </ClCompile>
    <ClCompile Include="Timer.cpp">
      <Filter>Utils</Filter>
    </ClCompile>
    <ClCompile Include="Skybox.cpp">
      <Filter>Object</Filter>
    </ClCompile>
    <ClCompile Include="stb_image.cpp">
      <Filter>Utils</Filter>
    </ClCompile>
    <ClCompile Include="Camera.cpp">
      <Filter>Object</Filter>
    </ClCompile>
    <ClCompile Include="MainCharacter.cpp">
      <Filter>Character</Filter>
    </ClCompile>
    <ClCompile Include="AnimatedModel.cpp">
      <Filter>Animation</Filter>
    </ClCompile>
    <ClCompile Include="StaticObject.cpp">
      <Filter>Object</Filter>
    </ClCompile>
    <ClCompile Include="StaticObjectManager.cpp">
      <Filter>Manager</Filter>
    </ClCompile>
    <ClCompile Include="ShadowMapping.cpp">
      <Filter>Shadow</Filter>
    </ClCompile>
    <ClCompile Include="Enemy.cpp">
      <Filter>Character</Filter>
    </ClCompile>
    <ClCompile Include="Bullet.cpp">
      <Filter>Object</Filter>
    </ClCompile>
    <ClCompile Include="GraphicsManager.cpp">
      <Filter>Manager</Filter>
    </ClCompile>
  </ItemGroup>
</Project>