<?xml version="1.0" encoding="utf-8"?>
<Project ToolsVersion="4.0" xmlns="http://schemas.microsoft.com/developer/msbuild/2003">
  <ItemGroup>
    <ClCompile Include="Main.cpp">
      <Filter>Main</Filter>
    </ClCompile>
    <ClCompile Include="pch.cpp">
      <Filter>Main\Pch</Filter>
    </ClCompile>
    <ClCompile Include="Benchmark.cpp">
      <Filter>Benchmark</Filter>
    </ClCompile>
  </ItemGroup>
  <ItemGroup>
    <Filter Include="Benchmark">
      <UniqueIdentifier>{c5c861ca-69eb-4730-b5fa-b3af0e9e6c02}</UniqueIdentifier>
    </Filter>
    <Filter Include="Main">
      <UniqueIdentifier>{942dc6f7-f171-4ae0-a20e-08fa6fa999e7}</UniqueIdentifier>
    </Filter>
    <Filter Include="Main\Pch">
      <UniqueIdentifier>{77894eaf-5272-4dc7-b5f2-a0da53cc5ef3}</UniqueIdentifier>
    </Filter>
    <Filter Include="Data">
      <UniqueIdentifier>{d5bb012a-c44a-4e1c-be61-9a958ccb89fb}</UniqueIdentifier>
    </Filter>
  </ItemGroup>
  <ItemGroup>
    <ClInclude Include="pch.h">
      <Filter>Main\Pch</Filter>
    </ClInclude>
    <ClInclude Include="Benchmark.h">
      <Filter>Benchmark</Filter>
    </ClInclude>
  </ItemGroup>
  <ItemGroup>
    <None Include="animation\knight_cylinders.json">
      <Filter>Data</Filter>
    </None>
  </ItemGroup>
</Project>