<?xml version="1.0" encoding="utf-8"?>
<Project ToolsVersion="4.0" xmlns="http://schemas.microsoft.com/developer/msbuild/2003">
  <ItemGroup>
    <Filter Include="Core">
      <UniqueIdentifier>{43f42a4e-c1e9-4d53-822a-01143c523e56}</UniqueIdentifier>
    </Filter>
    <Filter Include="Game">
      <UniqueIdentifier>{51ea2fb0-cabc-4de1-a353-f06856b3c6e4}</UniqueIdentifier>
    </Filter>
    <Filter Include="Protocol">
      <UniqueIdentifier>{484dec03-20aa-4037-a9b1-b5d87d3c5c89}</UniqueIdentifier>
    </Filter>
    <Filter Include="Utility">
      <UniqueIdentifier>{d6f6840a-c8ff-4bc2-b9c8-7faf74f630a1}</UniqueIdentifier>
    </Filter>
    <Filter Include="Core\Pch">
      <UniqueIdentifier>{8a527841-1e63-4885-8200-66896a71f84e}</UniqueIdentifier>
    </Filter>
    <Filter Include="Core\Manager">
      <UniqueIdentifier>{e21db5e6-fc5e-42fb-9c32-ce8b7e02af1c}</UniqueIdentifier>
    </Filter>
    <Filter Include="Game\Manager">
      <UniqueIdentifier>{d681449f-c24a-4c6f-be95-64637bedffc2}</UniqueIdentifier>
    </Filter>
    <Filter Include="Database">
      <UniqueIdentifier>{f04d5712-76ca-41d9-aad5-1a00e3456d1c}</UniqueIdentifier>
    </Filter>
    <Filter Include="Game\Instance">
      <UniqueIdentifier>{fb67c1ac-35ae-47c7-94d5-d29dd381b15b}</UniqueIdentifier>
    </Filter>
    <Filter Include="Game\Component">
      <UniqueIdentifier>{4c1ff901-2738-4538-bacb-8514d8cc46ba}</UniqueIdentifier>
    </Filter>
    <Filter Include="Game\AI">
      <UniqueIdentifier>{9e407648-0b73-43c3-9f03-97e17c9e4256}</UniqueIdentifier>
    </Filter>
    <Filter Include="Script">
      <UniqueIdentifier>{1c572cf5-3a4c-4138-8595-8653b03f3c28}</UniqueIdentifier>
    </Filter>
    <Filter Include="Game\Object">
      <UniqueIdentifier>{4c2eb05f-d55c-4780-a77b-8509d99f736c}</UniqueIdentifier>
    </Filter>
    <Filter Include="Game\AI\BT">
      <UniqueIdentifier>{0d6753ef-b878-4b92-a587-f2aa3c3f82c3}</UniqueIdentifier>
    </Filter>
    <Filter Include="Protocol\proto">
      <UniqueIdentifier>{f98a3723-d56d-4b70-aff8-42292b686012}</UniqueIdentifier>
    </Filter>
    <Filter Include="Protocol\pb.%2a">
      <UniqueIdentifier>{c4dc58f6-e8ca-465c-9247-a0c23eb590cb}</UniqueIdentifier>
    </Filter>
  </ItemGroup>
  <ItemGroup>
    <ClCompile Include="CorePch.cpp">
      <Filter>Core\Pch</Filter>
    </ClCompile>
    <ClCompile Include="pch.cpp">
      <Filter>Core\Pch</Filter>
    </ClCompile>
    <ClCompile Include="ExpOver.cpp">
      <Filter>Core</Filter>
    </ClCompile>
    <ClCompile Include="IocpCore.cpp">
      <Filter>Core</Filter>
    </ClCompile>
    <ClCompile Include="Listener.cpp">
      <Filter>Core</Filter>
    </ClCompile>
    <ClCompile Include="Service.cpp">
      <Filter>Core</Filter>
    </ClCompile>
    <ClCompile Include="Session.cpp">
      <Filter>Core</Filter>
    </ClCompile>
    <ClCompile Include="SessionManager.cpp">
      <Filter>Core\Manager</Filter>
    </ClCompile>
    <ClCompile Include="RecvBuffer.cpp">
      <Filter>Utility</Filter>
    </ClCompile>
    <ClCompile Include="Logger.cpp">
      <Filter>Utility</Filter>
    </ClCompile>
    <ClCompile Include="GameLogic.cpp">
      <Filter>Game\Manager</Filter>
    </ClCompile>
    <ClCompile Include="CollisionShape.cpp">
      <Filter>Game</Filter>
    </ClCompile>
    <ClCompile Include="ObjectManager.cpp">
      <Filter>Game\Manager</Filter>
    </ClCompile>
    <ClCompile Include="GameWorld.cpp">
      <Filter>Game\Manager</Filter>
    </ClCompile>
    <ClCompile Include="GameObject.cpp">
      <Filter>Game\Object</Filter>
    </ClCompile>
    <ClCompile Include="Character.cpp">
      <Filter>Game\Object</Filter>
    </ClCompile>
    <ClCompile Include="Monster.cpp">
      <Filter>Game\Object</Filter>
    </ClCompile>
    <ClCompile Include="UserRepository.cpp">
      <Filter>Database</Filter>
    </ClCompile>
    <ClCompile Include="Instance.cpp">
      <Filter>Game\Instance</Filter>
    </ClCompile>
    <ClCompile Include="TownInstance.cpp">
      <Filter>Game\Instance</Filter>
    </ClCompile>
    <ClCompile Include="MainInstance.cpp">
      <Filter>Game\Instance</Filter>
    </ClCompile>
    <ClCompile Include="BossInstance.cpp">
      <Filter>Game\Instance</Filter>
    </ClCompile>
    <ClCompile Include="PvpInstance.cpp">
      <Filter>Game\Instance</Filter>
    </ClCompile>
    <ClCompile Include="IComponent.cpp">
      <Filter>Game\Component</Filter>
    </ClCompile>
    <ClCompile Include="TransformComponent.cpp">
      <Filter>Game\Component</Filter>
    </ClCompile>
    <ClCompile Include="MovementComponent.cpp">
      <Filter>Game\Component</Filter>
    </ClCompile>
    <ClCompile Include="InputComponent.cpp">
      <Filter>Game\Component</Filter>
    </ClCompile>
    <ClCompile Include="Input.cpp" />
    <ClCompile Include="AIComponent.cpp">
      <Filter>Game\Component</Filter>
    </ClCompile>
    <ClCompile Include="EventManager.cpp">
      <Filter>Game\Manager</Filter>
    </ClCompile>
    <ClCompile Include="IAiBehavior.cpp">
      <Filter>Game\AI</Filter>
    </ClCompile>
    <ClCompile Include="ScriptVM.cpp">
      <Filter>Script</Filter>
    </ClCompile>
    <ClCompile Include="BTNode.cpp">
      <Filter>Game\AI\BT</Filter>
    </ClCompile>
    <ClCompile Include="CompositeNode.cpp">
      <Filter>Game\AI\BT</Filter>
    </ClCompile>
    <ClCompile Include="DecoratorNode.cpp">
      <Filter>Game\AI\BT</Filter>
    </ClCompile>
    <ClCompile Include="LeafNode.cpp">
      <Filter>Game\AI\BT</Filter>
    </ClCompile>
    <ClCompile Include="NormalBehavior.cpp">
      <Filter>Game\AI</Filter>
    </ClCompile>
    <ClCompile Include="Event.cpp">
      <Filter>Game</Filter>
    </ClCompile>
    <ClCompile Include="Protocols\Enum.pb.cc">
      <Filter>Protocol\pb.%2a</Filter>
    </ClCompile>
    <ClCompile Include="Protocols\Protocol.pb.cc">
      <Filter>Protocol\pb.%2a</Filter>
    </ClCompile>
    <ClCompile Include="Protocols\Struct.pb.cc">
      <Filter>Protocol\pb.%2a</Filter>
    </ClCompile>
    <ClCompile Include="PacketFactory.cpp">
      <Filter>Protocol</Filter>
    </ClCompile>
    <ClCompile Include="TestInstance.cpp">
      <Filter>Game\Instance</Filter>
    </ClCompile>
  </ItemGroup>
  <ItemGroup>
    <ClInclude Include="CorePch.h">
      <Filter>Core\Pch</Filter>
    </ClInclude>
    <ClInclude Include="pch.h">
      <Filter>Core\Pch</Filter>
    </ClInclude>
    <ClInclude Include="ExpOver.h">
      <Filter>Core</Filter>
    </ClInclude>
    <ClInclude Include="IocpCore.h">
      <Filter>Core</Filter>
    </ClInclude>
    <ClInclude Include="Listener.h">
      <Filter>Core</Filter>
    </ClInclude>
    <ClInclude Include="Session.h">
      <Filter>Core</Filter>
    </ClInclude>
    <ClInclude Include="SessionManager.h">
      <Filter>Core\Manager</Filter>
    </ClInclude>
    <ClInclude Include="RecvBuffer.h">
      <Filter>Utility</Filter>
    </ClInclude>
    <ClInclude Include="Logger.h">
      <Filter>Utility</Filter>
    </ClInclude>
    <ClInclude Include="Macro.h">
      <Filter>Utility</Filter>
    </ClInclude>
    <ClInclude Include="GameLogic.h">
      <Filter>Game\Manager</Filter>
    </ClInclude>
    <ClInclude Include="vec3.h">
      <Filter>Utility</Filter>
    </ClInclude>
    <ClInclude Include="CollisionShape.h">
      <Filter>Game</Filter>
    </ClInclude>
    <ClInclude Include="Service.h">
      <Filter>Core</Filter>
    </ClInclude>
    <ClInclude Include="ObjectManager.h">
      <Filter>Game\Manager</Filter>
    </ClInclude>
    <ClInclude Include="GameWorld.h">
      <Filter>Game\Manager</Filter>
    </ClInclude>
    <ClInclude Include="GameObject.h">
      <Filter>Game\Object</Filter>
    </ClInclude>
    <ClInclude Include="Character.h">
      <Filter>Game\Object</Filter>
    </ClInclude>
    <ClInclude Include="Monster.h">
      <Filter>Game\Object</Filter>
    </ClInclude>
    <ClInclude Include="UserRepository.h">
      <Filter>Database</Filter>
    </ClInclude>
    <ClInclude Include="Instance.h">
      <Filter>Game\Instance</Filter>
    </ClInclude>
    <ClInclude Include="TownInstance.h">
      <Filter>Game\Instance</Filter>
    </ClInclude>
    <ClInclude Include="MainInstance.h">
      <Filter>Game\Instance</Filter>
    </ClInclude>
    <ClInclude Include="BossInstance.h">
      <Filter>Game\Instance</Filter>
    </ClInclude>
    <ClInclude Include="PvpInstance.h">
      <Filter>Game\Instance</Filter>
    </ClInclude>
    <ClInclude Include="IComponent.h">
      <Filter>Game\Component</Filter>
    </ClInclude>
    <ClInclude Include="TransformComponent.h">
      <Filter>Game\Component</Filter>
    </ClInclude>
    <ClInclude Include="MovementComponent.h">
      <Filter>Game\Component</Filter>
    </ClInclude>
    <ClInclude Include="InputComponent.h">
      <Filter>Game\Component</Filter>
    </ClInclude>
    <ClInclude Include="Input.h" />
    <ClInclude Include="AIComponent.h">
      <Filter>Game\Component</Filter>
    </ClInclude>
    <ClInclude Include="EventManager.h">
      <Filter>Game\Manager</Filter>
    </ClInclude>
    <ClInclude Include="IAiBehavior.h">
      <Filter>Game\AI</Filter>
    </ClInclude>
    <ClInclude Include="ScriptVM.h">
      <Filter>Script</Filter>
    </ClInclude>
    <ClInclude Include="BTNode.h">
      <Filter>Game\AI\BT</Filter>
    </ClInclude>
    <ClInclude Include="CompositeNode.h">
      <Filter>Game\AI\BT</Filter>
    </ClInclude>
    <ClInclude Include="DecoratorNode.h">
      <Filter>Game\AI\BT</Filter>
    </ClInclude>
    <ClInclude Include="LeafNode.h">
      <Filter>Game\AI\BT</Filter>
    </ClInclude>
    <ClInclude Include="NormalBehavior.h">
      <Filter>Game\AI</Filter>
    </ClInclude>
    <ClInclude Include="Event.h">
      <Filter>Game</Filter>
    </ClInclude>
    <ClInclude Include="Protocols\Enum.pb.h">
      <Filter>Protocol\pb.%2a</Filter>
    </ClInclude>
    <ClInclude Include="Protocols\Protocol.pb.h">
      <Filter>Protocol\pb.%2a</Filter>
    </ClInclude>
    <ClInclude Include="Protocols\Struct.pb.h">
      <Filter>Protocol\pb.%2a</Filter>
    </ClInclude>
    <ClInclude Include="PacketFactory.h">
      <Filter>Protocol</Filter>
    </ClInclude>
    <ClInclude Include="TestInstance.h">
      <Filter>Game\Instance</Filter>
    </ClInclude>
  </ItemGroup>
  <ItemGroup>
    <None Include="protos\Struct.proto">
      <Filter>Protocol\proto</Filter>
    </None>
    <None Include="protos\Protocol.proto">
      <Filter>Protocol\proto</Filter>
    </None>
    <None Include="protos\Enum.proto">
      <Filter>Protocol\proto</Filter>
    </None>
  </ItemGroup>
</Project>